<?xml version="1.0" encoding="UTF-8"?>
<Scheme
   LastUpgradeVersion = "1230"
   version = "1.7">
   <BuildAction
      parallelizeBuildables = "YES"
      buildImplicitDependencies = "YES">
      <PreActions>
         <ExecutionAction
            ActionType = "Xcode.IDEStandardExecutionActionsCore.ExecutionActionType.ShellScriptAction">
            <ActionContent
               title = "Run Script"
               scriptText = "if which swiftgen &gt;/dev/null; then&#10;  cd ${SRCROOT}/Palette&#10;  swiftgen config run --config ./Scripts/swiftgen.yml  &#10;  cd .. &amp;&amp; cd ${SRCROOT}/Icons&#10;  swiftgen config run --config ./Scripts/swiftgen.yml&#10;else&#10;  echo &quot;error: SwiftGen not installed, download it from https://github.com/SwiftGen/SwiftGen&quot;&#10;  exit 1&#10;fi&#10;">
               <EnvironmentBuildable>
                  <BuildableReference
                     BuildableIdentifier = "primary"
                     BlueprintIdentifier = "6FCC9B2625237C5500BDD827"
                     BuildableName = "StackOv.app"
                     BlueprintName = "StackOv (iOS)"
                     ReferencedContainer = "container:StackOv.xcodeproj">
                  </BuildableReference>
               </EnvironmentBuildable>
            </ActionContent>
         </ExecutionAction>
      </PreActions>
      <BuildActionEntries>
         <BuildActionEntry
            buildForTesting = "YES"
            buildForRunning = "YES"
            buildForProfiling = "YES"
            buildForArchiving = "YES"
            buildForAnalyzing = "YES">
            <BuildableReference
               BuildableIdentifier = "primary"
               BlueprintIdentifier = "6FCC9B2625237C5500BDD827"
               BuildableName = "StackOv.app"
               BlueprintName = "StackOv (iOS)"
               ReferencedContainer = "container:StackOv.xcodeproj">
            </BuildableReference>
         </BuildActionEntry>
         <BuildActionEntry
            buildForTesting = "YES"
            buildForRunning = "NO"
            buildForProfiling = "NO"
            buildForArchiving = "NO"
            buildForAnalyzing = "NO">
            <BuildableReference
               BuildableIdentifier = "primary"
               BlueprintIdentifier = "MarkdownTests"
               BuildableName = "MarkdownTests"
               BlueprintName = "MarkdownTests"
               ReferencedContainer = "container:Markdown">
            </BuildableReference>
         </BuildActionEntry>
         <BuildActionEntry
            buildForTesting = "YES"
            buildForRunning = "NO"
            buildForProfiling = "NO"
            buildForArchiving = "NO"
            buildForAnalyzing = "NO">
            <BuildableReference
               BuildableIdentifier = "primary"
               BlueprintIdentifier = "CommonTests"
               BuildableName = "CommonTests"
               BlueprintName = "CommonTests"
               ReferencedContainer = "container:Common">
            </BuildableReference>
         </BuildActionEntry>
         <BuildActionEntry
            buildForTesting = "YES"
            buildForRunning = "NO"
            buildForProfiling = "NO"
            buildForArchiving = "NO"
            buildForAnalyzing = "NO">
            <BuildableReference
               BuildableIdentifier = "primary"
               BlueprintIdentifier = "AppScriptTests"
               BuildableName = "AppScriptTests"
               BlueprintName = "AppScriptTests"
               ReferencedContainer = "container:AppScript">
            </BuildableReference>
         </BuildActionEntry>
         <BuildActionEntry
            buildForTesting = "YES"
            buildForRunning = "NO"
            buildForProfiling = "NO"
            buildForArchiving = "NO"
            buildForAnalyzing = "NO">
            <BuildableReference
               BuildableIdentifier = "primary"
               BlueprintIdentifier = "DataTransferObjectsTests"
               BuildableName = "DataTransferObjectsTests"
               BlueprintName = "DataTransferObjectsTests"
               ReferencedContainer = "container:DataTransferObjects">
            </BuildableReference>
         </BuildActionEntry>
         <BuildActionEntry
            buildForTesting = "YES"
            buildForRunning = "NO"
            buildForProfiling = "NO"
            buildForArchiving = "NO"
            buildForAnalyzing = "NO">
            <BuildableReference
               BuildableIdentifier = "primary"
               BlueprintIdentifier = "NetworkTests"
               BuildableName = "NetworkTests"
               BlueprintName = "NetworkTests"
               ReferencedContainer = "container:Network">
            </BuildableReference>
         </BuildActionEntry>
         <BuildActionEntry
            buildForTesting = "YES"
            buildForRunning = "NO"
            buildForProfiling = "NO"
            buildForArchiving = "NO"
            buildForAnalyzing = "NO">
            <BuildableReference
               BuildableIdentifier = "primary"
               BlueprintIdentifier = "StackexchangeNetworkServiceTests"
               BuildableName = "StackexchangeNetworkServiceTests"
               BlueprintName = "StackexchangeNetworkServiceTests"
               ReferencedContainer = "container:Services/StackexchangeNetworkService">
            </BuildableReference>
         </BuildActionEntry>
         <BuildActionEntry
            buildForTesting = "YES"
            buildForRunning = "NO"
            buildForProfiling = "NO"
            buildForArchiving = "NO"
            buildForAnalyzing = "NO">
            <BuildableReference
               BuildableIdentifier = "primary"
               BlueprintIdentifier = "PageStoreTests"
               BuildableName = "PageStoreTests"
               BlueprintName = "PageStoreTests"
               ReferencedContainer = "container:Stores/PageStore">
            </BuildableReference>
         </BuildActionEntry>
         <BuildActionEntry
            buildForTesting = "YES"
            buildForRunning = "NO"
            buildForProfiling = "NO"
            buildForArchiving = "NO"
            buildForAnalyzing = "NO">
            <BuildableReference
               BuildableIdentifier = "primary"
               BlueprintIdentifier = "FilterStoreTests"
               BuildableName = "FilterStoreTests"
               BlueprintName = "FilterStoreTests"
               ReferencedContainer = "container:Stores/FilterStore">
            </BuildableReference>
         </BuildActionEntry>
		 <BuildActionEntry
            buildForTesting = "YES"
            buildForRunning = "NO"
            buildForProfiling = "NO"
            buildForArchiving = "NO"
            buildForAnalyzing = "NO">
            <BuildableReference
               BuildableIdentifier = "primary"
               BlueprintIdentifier = "PostStoreTests"
               BuildableName = "PostStoreTests"
               BlueprintName = "PostStoreTests"
               ReferencedContainer = "container:Stores/PostStore">
            </BuildableReference>
         </BuildActionEntry>
      </BuildActionEntries>
   </BuildAction>
   <TestAction
      buildConfiguration = "Debug"
      selectedDebuggerIdentifier = "Xcode.DebuggerFoundation.Debugger.LLDB"
      selectedLauncherIdentifier = "Xcode.DebuggerFoundation.Launcher.LLDB"
      shouldUseLaunchSchemeArgsEnv = "YES"
      codeCoverageEnabled = "YES">
      <Testables>
         <TestableReference
            skipped = "NO">
            <BuildableReference
               BuildableIdentifier = "primary"
               BlueprintIdentifier = "MarkdownTests"
               BuildableName = "MarkdownTests"
               BlueprintName = "MarkdownTests"
               ReferencedContainer = "container:Markdown">
            </BuildableReference>
         </TestableReference>
         <TestableReference
            skipped = "NO">
            <BuildableReference
               BuildableIdentifier = "primary"
               BlueprintIdentifier = "CommonTests"
               BuildableName = "CommonTests"
               BlueprintName = "CommonTests"
               ReferencedContainer = "container:Common">
            </BuildableReference>
         </TestableReference>
         <TestableReference
            skipped = "NO">
            <BuildableReference
               BuildableIdentifier = "primary"
               BlueprintIdentifier = "AppScriptTests"
               BuildableName = "AppScriptTests"
               BlueprintName = "AppScriptTests"
               ReferencedContainer = "container:AppScript">
            </BuildableReference>
         </TestableReference>
         <TestableReference
            skipped = "NO">
            <BuildableReference
               BuildableIdentifier = "primary"
               BlueprintIdentifier = "DataTransferObjectsTests"
               BuildableName = "DataTransferObjectsTests"
               BlueprintName = "DataTransferObjectsTests"
               ReferencedContainer = "container:DataTransferObjects">
            </BuildableReference>
         </TestableReference>
         <TestableReference
            skipped = "NO">
            <BuildableReference
               BuildableIdentifier = "primary"
               BlueprintIdentifier = "NetworkTests"
               BuildableName = "NetworkTests"
               BlueprintName = "NetworkTests"
               ReferencedContainer = "container:Network">
            </BuildableReference>
         </TestableReference>
         <TestableReference
            skipped = "NO">
            <BuildableReference
               BuildableIdentifier = "primary"
               BlueprintIdentifier = "StackexchangeNetworkServiceTests"
               BuildableName = "StackexchangeNetworkServiceTests"
               BlueprintName = "StackexchangeNetworkServiceTests"
               ReferencedContainer = "container:Services/StackexchangeNetworkService">
            </BuildableReference>
         </TestableReference>
         <TestableReference
            skipped = "NO">
            <BuildableReference
               BuildableIdentifier = "primary"
               BlueprintIdentifier = "PageStoreTests"
               BuildableName = "PageStoreTests"
               BlueprintName = "PageStoreTests"
               ReferencedContainer = "container:Stores/PageStore">
            </BuildableReference>
         </TestableReference>
         <TestableReference
            skipped = "NO">
            <BuildableReference
               BuildableIdentifier = "primary"
               BlueprintIdentifier = "FilterStoreTests"
               BuildableName = "FilterStoreTests"
               BlueprintName = "FilterStoreTests"
               ReferencedContainer = "container:Stores/FilterStore">
            </BuildableReference>
         </TestableReference>
		 <TestableReference
            skipped = "NO">
            <BuildableReference
               BuildableIdentifier = "primary"
               BlueprintIdentifier = "PostStoreTests"
               BuildableName = "PostStoreTests"
               BlueprintName = "PostStoreTests"
               ReferencedContainer = "container:Stores/PostStore">
            </BuildableReference>
         </TestableReference>
      </Testables>
   </TestAction>
   <LaunchAction
      buildConfiguration = "Debug"
      selectedDebuggerIdentifier = "Xcode.DebuggerFoundation.Debugger.LLDB"
      selectedLauncherIdentifier = "Xcode.DebuggerFoundation.Launcher.LLDB"
      launchStyle = "0"
      useCustomWorkingDirectory = "NO"
      ignoresPersistentStateOnLaunch = "NO"
      debugDocumentVersioning = "YES"
      debugServiceExtension = "internal"
      allowLocationSimulation = "YES">
      <BuildableProductRunnable
         runnableDebuggingMode = "0">
         <BuildableReference
            BuildableIdentifier = "primary"
            BlueprintIdentifier = "6FCC9B2625237C5500BDD827"
            BuildableName = "StackOv.app"
            BlueprintName = "StackOv (iOS)"
            ReferencedContainer = "container:StackOv.xcodeproj">
         </BuildableReference>
      </BuildableProductRunnable>
   </LaunchAction>
   <ProfileAction
      buildConfiguration = "Release"
      shouldUseLaunchSchemeArgsEnv = "YES"
      savedToolIdentifier = ""
      useCustomWorkingDirectory = "NO"
      debugDocumentVersioning = "YES">
      <BuildableProductRunnable
         runnableDebuggingMode = "0">
         <BuildableReference
            BuildableIdentifier = "primary"
            BlueprintIdentifier = "6FCC9B2625237C5500BDD827"
            BuildableName = "StackOv.app"
            BlueprintName = "StackOv (iOS)"
            ReferencedContainer = "container:StackOv.xcodeproj">
         </BuildableReference>
      </BuildableProductRunnable>
   </ProfileAction>
   <AnalyzeAction
      buildConfiguration = "Debug">
   </AnalyzeAction>
   <ArchiveAction
      buildConfiguration = "Release"
      revealArchiveInOrganizer = "YES">
   </ArchiveAction>
</Scheme>
