// !$*UTF8*$!
{
	archiveVersion = 1;
	classes = {
	};
	objectVersion = 52;
	objects = {

/* Begin PBXBuildFile section */
		6F2E48032524A8610080F778 /* Palette in Frameworks */ = {isa = PBXBuildFile; productRef = 6F2E48022524A8610080F778 /* Palette */; };
		6F41039F252701E900FB4D99 /* Palette in Frameworks */ = {isa = PBXBuildFile; productRef = 6F41039E252701E900FB4D99 /* Palette */; };
		6FC027F7252CAFE4002150F5 /* MainBarItemType.swift in Sources */ = {isa = PBXBuildFile; fileRef = 6FC027F6252CAFE4002150F5 /* MainBarItemType.swift */; };
		6FC02810252CB68F002150F5 /* Common in Frameworks */ = {isa = PBXBuildFile; productRef = 6FC0280F252CB68F002150F5 /* Common */; };
		6FC02812252CB693002150F5 /* Common in Frameworks */ = {isa = PBXBuildFile; productRef = 6FC02811252CB693002150F5 /* Common */; };
		6FC02820252CC0A4002150F5 /* SidebarView.swift in Sources */ = {isa = PBXBuildFile; fileRef = 6FC0281F252CC0A4002150F5 /* SidebarView.swift */; };
		6FC0282A252CD524002150F5 /* SidebarButton.swift in Sources */ = {isa = PBXBuildFile; fileRef = 6FC02829252CD524002150F5 /* SidebarButton.swift */; };
		6FC02830252CE28C002150F5 /* UserView.swift in Sources */ = {isa = PBXBuildFile; fileRef = 6FC0282F252CE28C002150F5 /* UserView.swift */; };
		6FC0283D252DF90D002150F5 /* PadContentView.swift in Sources */ = {isa = PBXBuildFile; fileRef = 6FC0283C252DF90D002150F5 /* PadContentView.swift */; };
		6FC02843252DFC95002150F5 /* PhoneContentView.swift in Sources */ = {isa = PBXBuildFile; fileRef = 6FC02842252DFC95002150F5 /* PhoneContentView.swift */; };
		6FC0286E252EEDEE002150F5 /* HomeFlow in Frameworks */ = {isa = PBXBuildFile; productRef = 6FC0286D252EEDEE002150F5 /* HomeFlow */; };
		6FC02885252F068C002150F5 /* FavoriteFlow in Frameworks */ = {isa = PBXBuildFile; productRef = 6FC02884252F068C002150F5 /* FavoriteFlow */; };
		6FC02894252F07D0002150F5 /* MessagesFlow in Frameworks */ = {isa = PBXBuildFile; productRef = 6FC02893252F07D0002150F5 /* MessagesFlow */; };
		6FC0289F252F08FB002150F5 /* TagsFlow in Frameworks */ = {isa = PBXBuildFile; productRef = 6FC0289E252F08FB002150F5 /* TagsFlow */; };
		6FC028AA252F099D002150F5 /* UsersFlow in Frameworks */ = {isa = PBXBuildFile; productRef = 6FC028A9252F099D002150F5 /* UsersFlow */; };
		6FCC9B3C25237C5500BDD827 /* Tests_iOS.swift in Sources */ = {isa = PBXBuildFile; fileRef = 6FCC9B3B25237C5500BDD827 /* Tests_iOS.swift */; };
		6FCC9B4725237C5500BDD827 /* Tests_macOS.swift in Sources */ = {isa = PBXBuildFile; fileRef = 6FCC9B4625237C5500BDD827 /* Tests_macOS.swift */; };
		6FCC9B4925237C5500BDD827 /* StackOv.xcdatamodeld in Sources */ = {isa = PBXBuildFile; fileRef = 6FCC9B1D25237C5300BDD827 /* StackOv.xcdatamodeld */; };
		6FCC9B4A25237C5500BDD827 /* StackOv.xcdatamodeld in Sources */ = {isa = PBXBuildFile; fileRef = 6FCC9B1D25237C5300BDD827 /* StackOv.xcdatamodeld */; };
		6FCC9B4B25237C5500BDD827 /* StackOvApp.swift in Sources */ = {isa = PBXBuildFile; fileRef = 6FCC9B1F25237C5300BDD827 /* StackOvApp.swift */; };
		6FCC9B4C25237C5500BDD827 /* StackOvApp.swift in Sources */ = {isa = PBXBuildFile; fileRef = 6FCC9B1F25237C5300BDD827 /* StackOvApp.swift */; };
		6FCC9B4D25237C5500BDD827 /* ContentView.swift in Sources */ = {isa = PBXBuildFile; fileRef = 6FCC9B2025237C5300BDD827 /* ContentView.swift */; };
		6FCC9B4F25237C5500BDD827 /* Persistence.swift in Sources */ = {isa = PBXBuildFile; fileRef = 6FCC9B2125237C5300BDD827 /* Persistence.swift */; };
		6FCC9B5025237C5500BDD827 /* Persistence.swift in Sources */ = {isa = PBXBuildFile; fileRef = 6FCC9B2125237C5300BDD827 /* Persistence.swift */; };
		6FCC9B5125237C5500BDD827 /* Assets.xcassets in Resources */ = {isa = PBXBuildFile; fileRef = 6FCC9B2225237C5500BDD827 /* Assets.xcassets */; };
		6FCC9B5225237C5500BDD827 /* Assets.xcassets in Resources */ = {isa = PBXBuildFile; fileRef = 6FCC9B2225237C5500BDD827 /* Assets.xcassets */; };
		6FF4F9F12526E434006E681D /* ContentView.swift in Sources */ = {isa = PBXBuildFile; fileRef = 6FF4F9F02526E434006E681D /* ContentView.swift */; };
/* End PBXBuildFile section */

/* Begin PBXContainerItemProxy section */
		6FCC9B3825237C5500BDD827 /* PBXContainerItemProxy */ = {
			isa = PBXContainerItemProxy;
			containerPortal = 6FCC9B1825237C5300BDD827 /* Project object */;
			proxyType = 1;
			remoteGlobalIDString = 6FCC9B2625237C5500BDD827;
			remoteInfo = "StackOv (iOS)";
		};
		6FCC9B4325237C5500BDD827 /* PBXContainerItemProxy */ = {
			isa = PBXContainerItemProxy;
			containerPortal = 6FCC9B1825237C5300BDD827 /* Project object */;
			proxyType = 1;
			remoteGlobalIDString = 6FCC9B2E25237C5500BDD827;
			remoteInfo = "StackOv (macOS)";
		};
/* End PBXContainerItemProxy section */

/* Begin PBXFileReference section */
		6F2E47FA2524A8460080F778 /* Palette */ = {isa = PBXFileReference; lastKnownFileType = folder; path = Palette; sourceTree = "<group>"; };
		6F3415C52525E6430077F65A /* StackOv.entitlements */ = {isa = PBXFileReference; lastKnownFileType = text.plist.entitlements; path = StackOv.entitlements; sourceTree = "<group>"; };
		6FAA7290253357A80068F85F /* HomeStore */ = {isa = PBXFileReference; lastKnownFileType = folder; path = HomeStore; sourceTree = "<group>"; };
		6FC027F6252CAFE4002150F5 /* MainBarItemType.swift */ = {isa = PBXFileReference; lastKnownFileType = sourcecode.swift; path = MainBarItemType.swift; sourceTree = "<group>"; };
		6FC0280A252CB0E7002150F5 /* Common */ = {isa = PBXFileReference; lastKnownFileType = folder; path = Common; sourceTree = "<group>"; };
		6FC0281F252CC0A4002150F5 /* SidebarView.swift */ = {isa = PBXFileReference; lastKnownFileType = sourcecode.swift; path = SidebarView.swift; sourceTree = "<group>"; };
		6FC02829252CD524002150F5 /* SidebarButton.swift */ = {isa = PBXFileReference; lastKnownFileType = sourcecode.swift; path = SidebarButton.swift; sourceTree = "<group>"; };
		6FC0282F252CE28C002150F5 /* UserView.swift */ = {isa = PBXFileReference; lastKnownFileType = sourcecode.swift; path = UserView.swift; sourceTree = "<group>"; };
		6FC0283C252DF90D002150F5 /* PadContentView.swift */ = {isa = PBXFileReference; lastKnownFileType = sourcecode.swift; path = PadContentView.swift; sourceTree = "<group>"; };
		6FC02842252DFC95002150F5 /* PhoneContentView.swift */ = {isa = PBXFileReference; lastKnownFileType = sourcecode.swift; path = PhoneContentView.swift; sourceTree = "<group>"; };
		6FC02868252EE9E9002150F5 /* HomeFlow */ = {isa = PBXFileReference; lastKnownFileType = folder; path = HomeFlow; sourceTree = "<group>"; };
		6FC0287B252F0630002150F5 /* FavoriteFlow */ = {isa = PBXFileReference; lastKnownFileType = folder; path = FavoriteFlow; sourceTree = "<group>"; };
		6FC0288A252F0765002150F5 /* MessagesFlow */ = {isa = PBXFileReference; lastKnownFileType = folder; path = MessagesFlow; sourceTree = "<group>"; };
		6FC02899252F08C1002150F5 /* TagsFlow */ = {isa = PBXFileReference; lastKnownFileType = folder; path = TagsFlow; sourceTree = "<group>"; };
		6FC028A4252F0962002150F5 /* UsersFlow */ = {isa = PBXFileReference; lastKnownFileType = folder; path = UsersFlow; sourceTree = "<group>"; };
		6FCC9B1E25237C5300BDD827 /* Shared.xcdatamodel */ = {isa = PBXFileReference; lastKnownFileType = wrapper.xcdatamodel; path = Shared.xcdatamodel; sourceTree = "<group>"; };
		6FCC9B1F25237C5300BDD827 /* StackOvApp.swift */ = {isa = PBXFileReference; lastKnownFileType = sourcecode.swift; path = StackOvApp.swift; sourceTree = "<group>"; };
		6FCC9B2025237C5300BDD827 /* ContentView.swift */ = {isa = PBXFileReference; lastKnownFileType = sourcecode.swift; path = ContentView.swift; sourceTree = "<group>"; };
		6FCC9B2125237C5300BDD827 /* Persistence.swift */ = {isa = PBXFileReference; lastKnownFileType = sourcecode.swift; path = Persistence.swift; sourceTree = "<group>"; };
		6FCC9B2225237C5500BDD827 /* Assets.xcassets */ = {isa = PBXFileReference; lastKnownFileType = folder.assetcatalog; path = Assets.xcassets; sourceTree = "<group>"; };
		6FCC9B2725237C5500BDD827 /* StackOv.app */ = {isa = PBXFileReference; explicitFileType = wrapper.application; includeInIndex = 0; path = StackOv.app; sourceTree = BUILT_PRODUCTS_DIR; };
		6FCC9B2A25237C5500BDD827 /* Info.plist */ = {isa = PBXFileReference; lastKnownFileType = text.plist.xml; path = Info.plist; sourceTree = "<group>"; };
		6FCC9B2F25237C5500BDD827 /* StackOv.app */ = {isa = PBXFileReference; explicitFileType = wrapper.application; includeInIndex = 0; path = StackOv.app; sourceTree = BUILT_PRODUCTS_DIR; };
		6FCC9B3125237C5500BDD827 /* Info.plist */ = {isa = PBXFileReference; lastKnownFileType = text.plist.xml; path = Info.plist; sourceTree = "<group>"; };
		6FCC9B3225237C5500BDD827 /* macOS.entitlements */ = {isa = PBXFileReference; lastKnownFileType = text.plist.entitlements; path = macOS.entitlements; sourceTree = "<group>"; };
		6FCC9B3725237C5500BDD827 /* Tests iOS.xctest */ = {isa = PBXFileReference; explicitFileType = wrapper.cfbundle; includeInIndex = 0; path = "Tests iOS.xctest"; sourceTree = BUILT_PRODUCTS_DIR; };
		6FCC9B3B25237C5500BDD827 /* Tests_iOS.swift */ = {isa = PBXFileReference; lastKnownFileType = sourcecode.swift; path = Tests_iOS.swift; sourceTree = "<group>"; };
		6FCC9B3D25237C5500BDD827 /* Info.plist */ = {isa = PBXFileReference; lastKnownFileType = text.plist.xml; path = Info.plist; sourceTree = "<group>"; };
		6FCC9B4225237C5500BDD827 /* Tests macOS.xctest */ = {isa = PBXFileReference; explicitFileType = wrapper.cfbundle; includeInIndex = 0; path = "Tests macOS.xctest"; sourceTree = BUILT_PRODUCTS_DIR; };
		6FCC9B4625237C5500BDD827 /* Tests_macOS.swift */ = {isa = PBXFileReference; lastKnownFileType = sourcecode.swift; path = Tests_macOS.swift; sourceTree = "<group>"; };
		6FCC9B4825237C5500BDD827 /* Info.plist */ = {isa = PBXFileReference; lastKnownFileType = text.plist.xml; path = Info.plist; sourceTree = "<group>"; };
		6FF33D382530917E00C316D7 /* Components */ = {isa = PBXFileReference; lastKnownFileType = folder; path = Components; sourceTree = "<group>"; };
		6FF362BE25324920009F9908 /* Network */ = {isa = PBXFileReference; lastKnownFileType = folder; path = Network; sourceTree = "<group>"; };
		6FF362C8253256C8009F9908 /* StackexchangeService */ = {isa = PBXFileReference; lastKnownFileType = folder; path = StackexchangeService; sourceTree = "<group>"; };
		6FF4F9F02526E434006E681D /* ContentView.swift */ = {isa = PBXFileReference; lastKnownFileType = sourcecode.swift; path = ContentView.swift; sourceTree = "<group>"; };
/* End PBXFileReference section */

/* Begin PBXFrameworksBuildPhase section */
		6FCC9B2425237C5500BDD827 /* Frameworks */ = {
			isa = PBXFrameworksBuildPhase;
			buildActionMask = 2147483647;
			files = (
				6FC02894252F07D0002150F5 /* MessagesFlow in Frameworks */,
				6FC0289F252F08FB002150F5 /* TagsFlow in Frameworks */,
				6FC02885252F068C002150F5 /* FavoriteFlow in Frameworks */,
				6F41039F252701E900FB4D99 /* Palette in Frameworks */,
				6FC0286E252EEDEE002150F5 /* HomeFlow in Frameworks */,
				6FC028AA252F099D002150F5 /* UsersFlow in Frameworks */,
				6FC02810252CB68F002150F5 /* Common in Frameworks */,
			);
			runOnlyForDeploymentPostprocessing = 0;
		};
		6FCC9B2C25237C5500BDD827 /* Frameworks */ = {
			isa = PBXFrameworksBuildPhase;
			buildActionMask = 2147483647;
			files = (
				6F2E48032524A8610080F778 /* Palette in Frameworks */,
				6FC02812252CB693002150F5 /* Common in Frameworks */,
			);
			runOnlyForDeploymentPostprocessing = 0;
		};
		6FCC9B3425237C5500BDD827 /* Frameworks */ = {
			isa = PBXFrameworksBuildPhase;
			buildActionMask = 2147483647;
			files = (
			);
			runOnlyForDeploymentPostprocessing = 0;
		};
		6FCC9B3F25237C5500BDD827 /* Frameworks */ = {
			isa = PBXFrameworksBuildPhase;
			buildActionMask = 2147483647;
			files = (
			);
			runOnlyForDeploymentPostprocessing = 0;
		};
/* End PBXFrameworksBuildPhase section */

/* Begin PBXGroup section */
		6F2E47F92524A7F50080F778 /* Modules */ = {
			isa = PBXGroup;
			children = (
				6FC0280A252CB0E7002150F5 /* Common */,
				6FF362BE25324920009F9908 /* Network */,
				6F2E47FA2524A8460080F778 /* Palette */,
				6FF33D382530917E00C316D7 /* Components */,
			);
			name = Modules;
			sourceTree = "<group>";
		};
		6F876D192525EF68008FC888 /* Frameworks */ = {
			isa = PBXGroup;
			children = (
			);
			name = Frameworks;
			sourceTree = "<group>";
		};
		6FAA728F253357740068F85F /* Stores */ = {
			isa = PBXGroup;
			children = (
				6FAA7290253357A80068F85F /* HomeStore */,
			);
			path = Stores;
			sourceTree = "<group>";
		};
		6FC027D4252C395A002150F5 /* Flows */ = {
			isa = PBXGroup;
			children = (
				6FC02868252EE9E9002150F5 /* HomeFlow */,
				6FC0287B252F0630002150F5 /* FavoriteFlow */,
				6FC0288A252F0765002150F5 /* MessagesFlow */,
				6FC02899252F08C1002150F5 /* TagsFlow */,
				6FC028A4252F0962002150F5 /* UsersFlow */,
			);
			path = Flows;
			sourceTree = "<group>";
		};
		6FC02835252DB9D7002150F5 /* SidebarView */ = {
			isa = PBXGroup;
			children = (
				6FC02829252CD524002150F5 /* SidebarButton.swift */,
				6FC0281F252CC0A4002150F5 /* SidebarView.swift */,
			);
			path = SidebarView;
			sourceTree = "<group>";
		};
		6FCC9B1725237C5300BDD827 = {
			isa = PBXGroup;
			children = (
				6F3415C52525E6430077F65A /* StackOv.entitlements */,
				6F2E47F92524A7F50080F778 /* Modules */,
				6FF362C72532568D009F9908 /* Services */,
				6FAA728F253357740068F85F /* Stores */,
				6FC027D4252C395A002150F5 /* Flows */,
				6FCC9B1C25237C5300BDD827 /* Shared */,
				6FCC9B2925237C5500BDD827 /* iOS */,
				6FCC9B3025237C5500BDD827 /* macOS */,
				6FCC9B3A25237C5500BDD827 /* Tests iOS */,
				6FCC9B4525237C5500BDD827 /* Tests macOS */,
				6FCC9B2825237C5500BDD827 /* Products */,
				6F876D192525EF68008FC888 /* Frameworks */,
			);
			sourceTree = "<group>";
		};
		6FCC9B1C25237C5300BDD827 /* Shared */ = {
			isa = PBXGroup;
			children = (
				6FCC9B1F25237C5300BDD827 /* StackOvApp.swift */,
				6FCC9B2125237C5300BDD827 /* Persistence.swift */,
				6FCC9B2225237C5500BDD827 /* Assets.xcassets */,
				6FCC9B1D25237C5300BDD827 /* StackOv.xcdatamodeld */,
			);
			path = Shared;
			sourceTree = "<group>";
		};
		6FCC9B2825237C5500BDD827 /* Products */ = {
			isa = PBXGroup;
			children = (
				6FCC9B2725237C5500BDD827 /* StackOv.app */,
				6FCC9B2F25237C5500BDD827 /* StackOv.app */,
				6FCC9B3725237C5500BDD827 /* Tests iOS.xctest */,
				6FCC9B4225237C5500BDD827 /* Tests macOS.xctest */,
			);
			name = Products;
			sourceTree = "<group>";
		};
		6FCC9B2925237C5500BDD827 /* iOS */ = {
			isa = PBXGroup;
			children = (
				6FC02835252DB9D7002150F5 /* SidebarView */,
				6FC027F6252CAFE4002150F5 /* MainBarItemType.swift */,
				6FCC9B2025237C5300BDD827 /* ContentView.swift */,
				6FC02842252DFC95002150F5 /* PhoneContentView.swift */,
				6FC0283C252DF90D002150F5 /* PadContentView.swift */,
				6FCC9B2A25237C5500BDD827 /* Info.plist */,
				6FC0282F252CE28C002150F5 /* UserView.swift */,
			);
			path = iOS;
			sourceTree = "<group>";
		};
		6FCC9B3025237C5500BDD827 /* macOS */ = {
			isa = PBXGroup;
			children = (
				6FF4F9F02526E434006E681D /* ContentView.swift */,
				6FCC9B3125237C5500BDD827 /* Info.plist */,
				6FCC9B3225237C5500BDD827 /* macOS.entitlements */,
			);
			path = macOS;
			sourceTree = "<group>";
		};
		6FCC9B3A25237C5500BDD827 /* Tests iOS */ = {
			isa = PBXGroup;
			children = (
				6FCC9B3B25237C5500BDD827 /* Tests_iOS.swift */,
				6FCC9B3D25237C5500BDD827 /* Info.plist */,
			);
			path = "Tests iOS";
			sourceTree = "<group>";
		};
		6FCC9B4525237C5500BDD827 /* Tests macOS */ = {
			isa = PBXGroup;
			children = (
				6FCC9B4625237C5500BDD827 /* Tests_macOS.swift */,
				6FCC9B4825237C5500BDD827 /* Info.plist */,
			);
			path = "Tests macOS";
			sourceTree = "<group>";
		};
		6FF362C72532568D009F9908 /* Services */ = {
			isa = PBXGroup;
			children = (
				6FF362C8253256C8009F9908 /* StackexchangeService */,
			);
			path = Services;
			sourceTree = "<group>";
		};
/* End PBXGroup section */

/* Begin PBXNativeTarget section */
		6FCC9B2625237C5500BDD827 /* StackOv (iOS) */ = {
			isa = PBXNativeTarget;
			buildConfigurationList = 6FCC9B5525237C5500BDD827 /* Build configuration list for PBXNativeTarget "StackOv (iOS)" */;
			buildPhases = (
				6F2E47E3252477300080F778 /* Palette generation */,
				6FCC9B2325237C5500BDD827 /* Sources */,
				6FCC9B2425237C5500BDD827 /* Frameworks */,
				6FCC9B2525237C5500BDD827 /* Resources */,
			);
			buildRules = (
			);
			dependencies = (
			);
			name = "StackOv (iOS)";
			packageProductDependencies = (
				6F41039E252701E900FB4D99 /* Palette */,
				6FC0280F252CB68F002150F5 /* Common */,
				6FC0286D252EEDEE002150F5 /* HomeFlow */,
				6FC02884252F068C002150F5 /* FavoriteFlow */,
				6FC02893252F07D0002150F5 /* MessagesFlow */,
				6FC0289E252F08FB002150F5 /* TagsFlow */,
				6FC028A9252F099D002150F5 /* UsersFlow */,
			);
			productName = "StackOv (iOS)";
			productReference = 6FCC9B2725237C5500BDD827 /* StackOv.app */;
			productType = "com.apple.product-type.application";
		};
		6FCC9B2E25237C5500BDD827 /* StackOv (macOS) */ = {
			isa = PBXNativeTarget;
			buildConfigurationList = 6FCC9B5825237C5500BDD827 /* Build configuration list for PBXNativeTarget "StackOv (macOS)" */;
			buildPhases = (
				6FD8C4012523BA20000DA1B8 /* Palette generation */,
				6FCC9B2B25237C5500BDD827 /* Sources */,
				6FCC9B2C25237C5500BDD827 /* Frameworks */,
				6FCC9B2D25237C5500BDD827 /* Resources */,
			);
			buildRules = (
			);
			dependencies = (
			);
			name = "StackOv (macOS)";
			packageProductDependencies = (
				6F2E48022524A8610080F778 /* Palette */,
				6FC02811252CB693002150F5 /* Common */,
			);
			productName = "StackOv (macOS)";
			productReference = 6FCC9B2F25237C5500BDD827 /* StackOv.app */;
			productType = "com.apple.product-type.application";
		};
		6FCC9B3625237C5500BDD827 /* Tests iOS */ = {
			isa = PBXNativeTarget;
			buildConfigurationList = 6FCC9B5B25237C5500BDD827 /* Build configuration list for PBXNativeTarget "Tests iOS" */;
			buildPhases = (
				6FCC9B3325237C5500BDD827 /* Sources */,
				6FCC9B3425237C5500BDD827 /* Frameworks */,
				6FCC9B3525237C5500BDD827 /* Resources */,
			);
			buildRules = (
			);
			dependencies = (
				6FCC9B3925237C5500BDD827 /* PBXTargetDependency */,
			);
			name = "Tests iOS";
			productName = "Tests iOS";
			productReference = 6FCC9B3725237C5500BDD827 /* Tests iOS.xctest */;
			productType = "com.apple.product-type.bundle.ui-testing";
		};
		6FCC9B4125237C5500BDD827 /* Tests macOS */ = {
			isa = PBXNativeTarget;
			buildConfigurationList = 6FCC9B5E25237C5500BDD827 /* Build configuration list for PBXNativeTarget "Tests macOS" */;
			buildPhases = (
				6FCC9B3E25237C5500BDD827 /* Sources */,
				6FCC9B3F25237C5500BDD827 /* Frameworks */,
				6FCC9B4025237C5500BDD827 /* Resources */,
			);
			buildRules = (
			);
			dependencies = (
				6FCC9B4425237C5500BDD827 /* PBXTargetDependency */,
			);
			name = "Tests macOS";
			productName = "Tests macOS";
			productReference = 6FCC9B4225237C5500BDD827 /* Tests macOS.xctest */;
			productType = "com.apple.product-type.bundle.ui-testing";
		};
/* End PBXNativeTarget section */

/* Begin PBXProject section */
		6FCC9B1825237C5300BDD827 /* Project object */ = {
			isa = PBXProject;
			attributes = {
				LastSwiftUpdateCheck = 1220;
				LastUpgradeCheck = 1220;
				TargetAttributes = {
					6FCC9B2625237C5500BDD827 = {
						CreatedOnToolsVersion = 12.2;
					};
					6FCC9B2E25237C5500BDD827 = {
						CreatedOnToolsVersion = 12.2;
					};
					6FCC9B3625237C5500BDD827 = {
						CreatedOnToolsVersion = 12.2;
						TestTargetID = 6FCC9B2625237C5500BDD827;
					};
					6FCC9B4125237C5500BDD827 = {
						CreatedOnToolsVersion = 12.2;
						TestTargetID = 6FCC9B2E25237C5500BDD827;
					};
				};
			};
			buildConfigurationList = 6FCC9B1B25237C5300BDD827 /* Build configuration list for PBXProject "StackOv" */;
			compatibilityVersion = "Xcode 9.3";
			developmentRegion = en;
			hasScannedForEncodings = 0;
			knownRegions = (
				en,
				Base,
			);
			mainGroup = 6FCC9B1725237C5300BDD827;
			packageReferences = (
			);
			productRefGroup = 6FCC9B2825237C5500BDD827 /* Products */;
			projectDirPath = "";
			projectRoot = "";
			targets = (
				6FCC9B2625237C5500BDD827 /* StackOv (iOS) */,
				6FCC9B2E25237C5500BDD827 /* StackOv (macOS) */,
				6FCC9B3625237C5500BDD827 /* Tests iOS */,
				6FCC9B4125237C5500BDD827 /* Tests macOS */,
			);
		};
/* End PBXProject section */

/* Begin PBXResourcesBuildPhase section */
		6FCC9B2525237C5500BDD827 /* Resources */ = {
			isa = PBXResourcesBuildPhase;
			buildActionMask = 2147483647;
			files = (
				6FCC9B5125237C5500BDD827 /* Assets.xcassets in Resources */,
			);
			runOnlyForDeploymentPostprocessing = 0;
		};
		6FCC9B2D25237C5500BDD827 /* Resources */ = {
			isa = PBXResourcesBuildPhase;
			buildActionMask = 2147483647;
			files = (
				6FCC9B5225237C5500BDD827 /* Assets.xcassets in Resources */,
			);
			runOnlyForDeploymentPostprocessing = 0;
		};
		6FCC9B3525237C5500BDD827 /* Resources */ = {
			isa = PBXResourcesBuildPhase;
			buildActionMask = 2147483647;
			files = (
			);
			runOnlyForDeploymentPostprocessing = 0;
		};
		6FCC9B4025237C5500BDD827 /* Resources */ = {
			isa = PBXResourcesBuildPhase;
			buildActionMask = 2147483647;
			files = (
			);
			runOnlyForDeploymentPostprocessing = 0;
		};
/* End PBXResourcesBuildPhase section */

/* Begin PBXShellScriptBuildPhase section */
		6F2E47E3252477300080F778 /* Palette generation */ = {
			isa = PBXShellScriptBuildPhase;
			buildActionMask = 2147483647;
			files = (
			);
			inputFileListPaths = (
			);
			inputPaths = (
			);
			name = "Palette generation";
			outputFileListPaths = (
			);
			outputPaths = (
			);
			runOnlyForDeploymentPostprocessing = 0;
			shellPath = /bin/sh;
			shellScript = "cd ${SRCROOT}/Palette\n/usr/bin/xcrun --sdk macosx swift run -c release swiftgen config run --config ./Scripts/swiftgen.yml\n";
		};
		6FD8C4012523BA20000DA1B8 /* Palette generation */ = {
			isa = PBXShellScriptBuildPhase;
			buildActionMask = 2147483647;
			files = (
			);
			inputFileListPaths = (
			);
			inputPaths = (
			);
			name = "Palette generation";
			outputFileListPaths = (
			);
			outputPaths = (
			);
			runOnlyForDeploymentPostprocessing = 0;
			shellPath = /bin/sh;
			shellScript = "cd ${SRCROOT}/Palette\n/usr/bin/xcrun --sdk macosx swift run -c release swiftgen config run --config ./Scripts/swiftgen.yml\n";
		};
/* End PBXShellScriptBuildPhase section */

/* Begin PBXSourcesBuildPhase section */
		6FCC9B2325237C5500BDD827 /* Sources */ = {
			isa = PBXSourcesBuildPhase;
			buildActionMask = 2147483647;
			files = (
				6FC02830252CE28C002150F5 /* UserView.swift in Sources */,
				6FC02843252DFC95002150F5 /* PhoneContentView.swift in Sources */,
				6FCC9B4925237C5500BDD827 /* StackOv.xcdatamodeld in Sources */,
				6FC0282A252CD524002150F5 /* SidebarButton.swift in Sources */,
				6FCC9B4F25237C5500BDD827 /* Persistence.swift in Sources */,
				6FC0283D252DF90D002150F5 /* PadContentView.swift in Sources */,
				6FC027F7252CAFE4002150F5 /* MainBarItemType.swift in Sources */,
				6FC02820252CC0A4002150F5 /* SidebarView.swift in Sources */,
				6FCC9B4B25237C5500BDD827 /* StackOvApp.swift in Sources */,
				6FCC9B4D25237C5500BDD827 /* ContentView.swift in Sources */,
			);
			runOnlyForDeploymentPostprocessing = 0;
		};
		6FCC9B2B25237C5500BDD827 /* Sources */ = {
			isa = PBXSourcesBuildPhase;
			buildActionMask = 2147483647;
			files = (
				6FCC9B4A25237C5500BDD827 /* StackOv.xcdatamodeld in Sources */,
				6FCC9B5025237C5500BDD827 /* Persistence.swift in Sources */,
				6FF4F9F12526E434006E681D /* ContentView.swift in Sources */,
				6FCC9B4C25237C5500BDD827 /* StackOvApp.swift in Sources */,
			);
			runOnlyForDeploymentPostprocessing = 0;
		};
		6FCC9B3325237C5500BDD827 /* Sources */ = {
			isa = PBXSourcesBuildPhase;
			buildActionMask = 2147483647;
			files = (
				6FCC9B3C25237C5500BDD827 /* Tests_iOS.swift in Sources */,
			);
			runOnlyForDeploymentPostprocessing = 0;
		};
		6FCC9B3E25237C5500BDD827 /* Sources */ = {
			isa = PBXSourcesBuildPhase;
			buildActionMask = 2147483647;
			files = (
				6FCC9B4725237C5500BDD827 /* Tests_macOS.swift in Sources */,
			);
			runOnlyForDeploymentPostprocessing = 0;
		};
/* End PBXSourcesBuildPhase section */

/* Begin PBXTargetDependency section */
		6FCC9B3925237C5500BDD827 /* PBXTargetDependency */ = {
			isa = PBXTargetDependency;
			target = 6FCC9B2625237C5500BDD827 /* StackOv (iOS) */;
			targetProxy = 6FCC9B3825237C5500BDD827 /* PBXContainerItemProxy */;
		};
		6FCC9B4425237C5500BDD827 /* PBXTargetDependency */ = {
			isa = PBXTargetDependency;
			target = 6FCC9B2E25237C5500BDD827 /* StackOv (macOS) */;
			targetProxy = 6FCC9B4325237C5500BDD827 /* PBXContainerItemProxy */;
		};
/* End PBXTargetDependency section */

/* Begin XCBuildConfiguration section */
		6FCC9B5325237C5500BDD827 /* Debug */ = {
			isa = XCBuildConfiguration;
			buildSettings = {
				ALWAYS_SEARCH_USER_PATHS = NO;
				CLANG_ANALYZER_NONNULL = YES;
				CLANG_ANALYZER_NUMBER_OBJECT_CONVERSION = YES_AGGRESSIVE;
				CLANG_CXX_LANGUAGE_STANDARD = "gnu++14";
				CLANG_CXX_LIBRARY = "libc++";
				CLANG_ENABLE_MODULES = YES;
				CLANG_ENABLE_OBJC_ARC = YES;
				CLANG_ENABLE_OBJC_WEAK = YES;
				CLANG_WARN_BLOCK_CAPTURE_AUTORELEASING = YES;
				CLANG_WARN_BOOL_CONVERSION = YES;
				CLANG_WARN_COMMA = YES;
				CLANG_WARN_CONSTANT_CONVERSION = YES;
				CLANG_WARN_DEPRECATED_OBJC_IMPLEMENTATIONS = YES;
				CLANG_WARN_DIRECT_OBJC_ISA_USAGE = YES_ERROR;
				CLANG_WARN_DOCUMENTATION_COMMENTS = YES;
				CLANG_WARN_EMPTY_BODY = YES;
				CLANG_WARN_ENUM_CONVERSION = YES;
				CLANG_WARN_INFINITE_RECURSION = YES;
				CLANG_WARN_INT_CONVERSION = YES;
				CLANG_WARN_NON_LITERAL_NULL_CONVERSION = YES;
				CLANG_WARN_OBJC_IMPLICIT_RETAIN_SELF = YES;
				CLANG_WARN_OBJC_LITERAL_CONVERSION = YES;
				CLANG_WARN_OBJC_ROOT_CLASS = YES_ERROR;
				CLANG_WARN_QUOTED_INCLUDE_IN_FRAMEWORK_HEADER = YES;
				CLANG_WARN_RANGE_LOOP_ANALYSIS = YES;
				CLANG_WARN_STRICT_PROTOTYPES = YES;
				CLANG_WARN_SUSPICIOUS_MOVE = YES;
				CLANG_WARN_UNGUARDED_AVAILABILITY = YES_AGGRESSIVE;
				CLANG_WARN_UNREACHABLE_CODE = YES;
				CLANG_WARN__DUPLICATE_METHOD_MATCH = YES;
				COPY_PHASE_STRIP = NO;
				DEBUG_INFORMATION_FORMAT = dwarf;
				ENABLE_STRICT_OBJC_MSGSEND = YES;
				ENABLE_TESTABILITY = YES;
				GCC_C_LANGUAGE_STANDARD = gnu11;
				GCC_DYNAMIC_NO_PIC = NO;
				GCC_NO_COMMON_BLOCKS = YES;
				GCC_OPTIMIZATION_LEVEL = 0;
				GCC_PREPROCESSOR_DEFINITIONS = (
					"DEBUG=1",
					"$(inherited)",
				);
				GCC_WARN_64_TO_32_BIT_CONVERSION = YES;
				GCC_WARN_ABOUT_RETURN_TYPE = YES_ERROR;
				GCC_WARN_UNDECLARED_SELECTOR = YES;
				GCC_WARN_UNINITIALIZED_AUTOS = YES_AGGRESSIVE;
				GCC_WARN_UNUSED_FUNCTION = YES;
				GCC_WARN_UNUSED_VARIABLE = YES;
				MTL_ENABLE_DEBUG_INFO = INCLUDE_SOURCE;
				MTL_FAST_MATH = YES;
				ONLY_ACTIVE_ARCH = YES;
				SUPPORTED_PLATFORMS = macosx;
				SWIFT_ACTIVE_COMPILATION_CONDITIONS = DEBUG;
				SWIFT_OPTIMIZATION_LEVEL = "-Onone";
			};
			name = Debug;
		};
		6FCC9B5425237C5500BDD827 /* Release */ = {
			isa = XCBuildConfiguration;
			buildSettings = {
				ALWAYS_SEARCH_USER_PATHS = NO;
				CLANG_ANALYZER_NONNULL = YES;
				CLANG_ANALYZER_NUMBER_OBJECT_CONVERSION = YES_AGGRESSIVE;
				CLANG_CXX_LANGUAGE_STANDARD = "gnu++14";
				CLANG_CXX_LIBRARY = "libc++";
				CLANG_ENABLE_MODULES = YES;
				CLANG_ENABLE_OBJC_ARC = YES;
				CLANG_ENABLE_OBJC_WEAK = YES;
				CLANG_WARN_BLOCK_CAPTURE_AUTORELEASING = YES;
				CLANG_WARN_BOOL_CONVERSION = YES;
				CLANG_WARN_COMMA = YES;
				CLANG_WARN_CONSTANT_CONVERSION = YES;
				CLANG_WARN_DEPRECATED_OBJC_IMPLEMENTATIONS = YES;
				CLANG_WARN_DIRECT_OBJC_ISA_USAGE = YES_ERROR;
				CLANG_WARN_DOCUMENTATION_COMMENTS = YES;
				CLANG_WARN_EMPTY_BODY = YES;
				CLANG_WARN_ENUM_CONVERSION = YES;
				CLANG_WARN_INFINITE_RECURSION = YES;
				CLANG_WARN_INT_CONVERSION = YES;
				CLANG_WARN_NON_LITERAL_NULL_CONVERSION = YES;
				CLANG_WARN_OBJC_IMPLICIT_RETAIN_SELF = YES;
				CLANG_WARN_OBJC_LITERAL_CONVERSION = YES;
				CLANG_WARN_OBJC_ROOT_CLASS = YES_ERROR;
				CLANG_WARN_QUOTED_INCLUDE_IN_FRAMEWORK_HEADER = YES;
				CLANG_WARN_RANGE_LOOP_ANALYSIS = YES;
				CLANG_WARN_STRICT_PROTOTYPES = YES;
				CLANG_WARN_SUSPICIOUS_MOVE = YES;
				CLANG_WARN_UNGUARDED_AVAILABILITY = YES_AGGRESSIVE;
				CLANG_WARN_UNREACHABLE_CODE = YES;
				CLANG_WARN__DUPLICATE_METHOD_MATCH = YES;
				COPY_PHASE_STRIP = NO;
				DEBUG_INFORMATION_FORMAT = "dwarf-with-dsym";
				ENABLE_NS_ASSERTIONS = NO;
				ENABLE_STRICT_OBJC_MSGSEND = YES;
				GCC_C_LANGUAGE_STANDARD = gnu11;
				GCC_NO_COMMON_BLOCKS = YES;
				GCC_WARN_64_TO_32_BIT_CONVERSION = YES;
				GCC_WARN_ABOUT_RETURN_TYPE = YES_ERROR;
				GCC_WARN_UNDECLARED_SELECTOR = YES;
				GCC_WARN_UNINITIALIZED_AUTOS = YES_AGGRESSIVE;
				GCC_WARN_UNUSED_FUNCTION = YES;
				GCC_WARN_UNUSED_VARIABLE = YES;
				MTL_ENABLE_DEBUG_INFO = NO;
				MTL_FAST_MATH = YES;
				SUPPORTED_PLATFORMS = macosx;
				SWIFT_COMPILATION_MODE = wholemodule;
				SWIFT_OPTIMIZATION_LEVEL = "-O";
			};
			name = Release;
		};
		6FCC9B5625237C5500BDD827 /* Debug */ = {
			isa = XCBuildConfiguration;
			buildSettings = {
				ARCHS = "$(ARCHS_STANDARD)";
				ASSETCATALOG_COMPILER_APPICON_NAME = AppIcon;
				ASSETCATALOG_COMPILER_GLOBAL_ACCENT_COLOR_NAME = AccentColor;
				CODE_SIGN_ENTITLEMENTS = StackOv.entitlements;
				CODE_SIGN_STYLE = Automatic;
				CURRENT_PROJECT_VERSION = 5;
				DEVELOPMENT_TEAM = S8BXS2P4Z9;
				ENABLE_PREVIEWS = YES;
				INFOPLIST_FILE = iOS/Info.plist;
				IPHONEOS_DEPLOYMENT_TARGET = 14.0;
				LD_RUNPATH_SEARCH_PATHS = (
					"$(inherited)",
					"@executable_path/Frameworks",
				);
				MARKETING_VERSION = 0.0.4;
				ONLY_ACTIVE_ARCH = YES;
				PRODUCT_BUNDLE_IDENTIFIER = "com.ephedra-software.StackOv";
				PRODUCT_NAME = StackOv;
				SDKROOT = iphoneos;
				SUPPORTED_PLATFORMS = "macosx iphoneos iphonesimulator";
				SUPPORTS_MACCATALYST = YES;
				SWIFT_VERSION = 5.0;
				TARGETED_DEVICE_FAMILY = "1,2";
			};
			name = Debug;
		};
		6FCC9B5725237C5500BDD827 /* Release */ = {
			isa = XCBuildConfiguration;
			buildSettings = {
				ARCHS = "$(ARCHS_STANDARD)";
				ASSETCATALOG_COMPILER_APPICON_NAME = AppIcon;
				ASSETCATALOG_COMPILER_GLOBAL_ACCENT_COLOR_NAME = AccentColor;
				CODE_SIGN_ENTITLEMENTS = StackOv.entitlements;
				CODE_SIGN_STYLE = Automatic;
				CURRENT_PROJECT_VERSION = 5;
				DEVELOPMENT_TEAM = S8BXS2P4Z9;
				ENABLE_PREVIEWS = YES;
				INFOPLIST_FILE = iOS/Info.plist;
				IPHONEOS_DEPLOYMENT_TARGET = 14.0;
				LD_RUNPATH_SEARCH_PATHS = (
					"$(inherited)",
					"@executable_path/Frameworks",
				);
				MARKETING_VERSION = 0.0.4;
				PRODUCT_BUNDLE_IDENTIFIER = "com.ephedra-software.StackOv";
				PRODUCT_NAME = StackOv;
				SDKROOT = iphoneos;
				SUPPORTED_PLATFORMS = "macosx iphoneos iphonesimulator";
				SUPPORTS_MACCATALYST = YES;
				SWIFT_VERSION = 5.0;
				TARGETED_DEVICE_FAMILY = "1,2";
				VALIDATE_PRODUCT = YES;
			};
			name = Release;
		};
		6FCC9B5925237C5500BDD827 /* Debug */ = {
			isa = XCBuildConfiguration;
			buildSettings = {
				ASSETCATALOG_COMPILER_APPICON_NAME = AppIcon;
				ASSETCATALOG_COMPILER_GLOBAL_ACCENT_COLOR_NAME = AccentColor;
				CODE_SIGN_ENTITLEMENTS = macOS/macOS.entitlements;
				CODE_SIGN_STYLE = Automatic;
				COMBINE_HIDPI_IMAGES = YES;
				CURRENT_PROJECT_VERSION = 5;
				DEVELOPMENT_TEAM = S8BXS2P4Z9;
				ENABLE_HARDENED_RUNTIME = YES;
				ENABLE_PREVIEWS = YES;
				INFOPLIST_FILE = macOS/Info.plist;
				LD_RUNPATH_SEARCH_PATHS = (
					"$(inherited)",
					"@executable_path/../Frameworks",
				);
				MACOSX_DEPLOYMENT_TARGET = 11.0;
				MARKETING_VERSION = 0.0.4;
				PRODUCT_BUNDLE_IDENTIFIER = "com.ephedra-software.StackOv";
				PRODUCT_NAME = StackOv;
				SDKROOT = macosx;
				SWIFT_VERSION = 5.0;
			};
			name = Debug;
		};
		6FCC9B5A25237C5500BDD827 /* Release */ = {
			isa = XCBuildConfiguration;
			buildSettings = {
				ASSETCATALOG_COMPILER_APPICON_NAME = AppIcon;
				ASSETCATALOG_COMPILER_GLOBAL_ACCENT_COLOR_NAME = AccentColor;
				CODE_SIGN_ENTITLEMENTS = macOS/macOS.entitlements;
				CODE_SIGN_STYLE = Automatic;
				COMBINE_HIDPI_IMAGES = YES;
				CURRENT_PROJECT_VERSION = 5;
				DEVELOPMENT_TEAM = S8BXS2P4Z9;
				ENABLE_HARDENED_RUNTIME = YES;
				ENABLE_PREVIEWS = YES;
				INFOPLIST_FILE = macOS/Info.plist;
				LD_RUNPATH_SEARCH_PATHS = (
					"$(inherited)",
					"@executable_path/../Frameworks",
				);
				MACOSX_DEPLOYMENT_TARGET = 11.0;
				MARKETING_VERSION = 0.0.4;
				PRODUCT_BUNDLE_IDENTIFIER = "com.ephedra-software.StackOv";
				PRODUCT_NAME = StackOv;
				SDKROOT = macosx;
				SWIFT_VERSION = 5.0;
			};
			name = Release;
		};
		6FCC9B5C25237C5500BDD827 /* Debug */ = {
			isa = XCBuildConfiguration;
			buildSettings = {
				ALWAYS_EMBED_SWIFT_STANDARD_LIBRARIES = YES;
				CODE_SIGN_STYLE = Automatic;
				DEVELOPMENT_TEAM = S8BXS2P4Z9;
				INFOPLIST_FILE = "Tests iOS/Info.plist";
				IPHONEOS_DEPLOYMENT_TARGET = 14.2;
				LD_RUNPATH_SEARCH_PATHS = (
					"$(inherited)",
					"@executable_path/Frameworks",
					"@loader_path/Frameworks",
				);
				PRODUCT_BUNDLE_IDENTIFIER = "com.ephedra-software.Tests-iOS";
				PRODUCT_NAME = "$(TARGET_NAME)";
				SDKROOT = iphoneos;
				SWIFT_VERSION = 5.0;
				TARGETED_DEVICE_FAMILY = "1,2";
				TEST_TARGET_NAME = "StackOv (iOS)";
			};
			name = Debug;
		};
		6FCC9B5D25237C5500BDD827 /* Release */ = {
			isa = XCBuildConfiguration;
			buildSettings = {
				ALWAYS_EMBED_SWIFT_STANDARD_LIBRARIES = YES;
				CODE_SIGN_STYLE = Automatic;
				DEVELOPMENT_TEAM = S8BXS2P4Z9;
				INFOPLIST_FILE = "Tests iOS/Info.plist";
				IPHONEOS_DEPLOYMENT_TARGET = 14.2;
				LD_RUNPATH_SEARCH_PATHS = (
					"$(inherited)",
					"@executable_path/Frameworks",
					"@loader_path/Frameworks",
				);
				PRODUCT_BUNDLE_IDENTIFIER = "com.ephedra-software.Tests-iOS";
				PRODUCT_NAME = "$(TARGET_NAME)";
				SDKROOT = iphoneos;
				SWIFT_VERSION = 5.0;
				TARGETED_DEVICE_FAMILY = "1,2";
				TEST_TARGET_NAME = "StackOv (iOS)";
				VALIDATE_PRODUCT = YES;
			};
			name = Release;
		};
		6FCC9B5F25237C5500BDD827 /* Debug */ = {
			isa = XCBuildConfiguration;
			buildSettings = {
				ALWAYS_EMBED_SWIFT_STANDARD_LIBRARIES = YES;
				CODE_SIGN_STYLE = Automatic;
				COMBINE_HIDPI_IMAGES = YES;
				DEVELOPMENT_TEAM = S8BXS2P4Z9;
				INFOPLIST_FILE = "Tests macOS/Info.plist";
				LD_RUNPATH_SEARCH_PATHS = (
					"$(inherited)",
					"@executable_path/../Frameworks",
					"@loader_path/../Frameworks",
				);
				MACOSX_DEPLOYMENT_TARGET = 10.15;
				PRODUCT_BUNDLE_IDENTIFIER = "com.ephedra-software.Tests-macOS";
				PRODUCT_NAME = "$(TARGET_NAME)";
				SDKROOT = macosx;
				SWIFT_VERSION = 5.0;
				TEST_TARGET_NAME = "StackOv (macOS)";
			};
			name = Debug;
		};
		6FCC9B6025237C5500BDD827 /* Release */ = {
			isa = XCBuildConfiguration;
			buildSettings = {
				ALWAYS_EMBED_SWIFT_STANDARD_LIBRARIES = YES;
				CODE_SIGN_STYLE = Automatic;
				COMBINE_HIDPI_IMAGES = YES;
				DEVELOPMENT_TEAM = S8BXS2P4Z9;
				INFOPLIST_FILE = "Tests macOS/Info.plist";
				LD_RUNPATH_SEARCH_PATHS = (
					"$(inherited)",
					"@executable_path/../Frameworks",
					"@loader_path/../Frameworks",
				);
				MACOSX_DEPLOYMENT_TARGET = 10.15;
				PRODUCT_BUNDLE_IDENTIFIER = "com.ephedra-software.Tests-macOS";
				PRODUCT_NAME = "$(TARGET_NAME)";
				SDKROOT = macosx;
				SWIFT_VERSION = 5.0;
				TEST_TARGET_NAME = "StackOv (macOS)";
			};
			name = Release;
		};
/* End XCBuildConfiguration section */

/* Begin XCConfigurationList section */
		6FCC9B1B25237C5300BDD827 /* Build configuration list for PBXProject "StackOv" */ = {
			isa = XCConfigurationList;
			buildConfigurations = (
				6FCC9B5325237C5500BDD827 /* Debug */,
				6FCC9B5425237C5500BDD827 /* Release */,
			);
			defaultConfigurationIsVisible = 0;
			defaultConfigurationName = Release;
		};
		6FCC9B5525237C5500BDD827 /* Build configuration list for PBXNativeTarget "StackOv (iOS)" */ = {
			isa = XCConfigurationList;
			buildConfigurations = (
				6FCC9B5625237C5500BDD827 /* Debug */,
				6FCC9B5725237C5500BDD827 /* Release */,
			);
			defaultConfigurationIsVisible = 0;
			defaultConfigurationName = Release;
		};
		6FCC9B5825237C5500BDD827 /* Build configuration list for PBXNativeTarget "StackOv (macOS)" */ = {
			isa = XCConfigurationList;
			buildConfigurations = (
				6FCC9B5925237C5500BDD827 /* Debug */,
				6FCC9B5A25237C5500BDD827 /* Release */,
			);
			defaultConfigurationIsVisible = 0;
			defaultConfigurationName = Release;
		};
		6FCC9B5B25237C5500BDD827 /* Build configuration list for PBXNativeTarget "Tests iOS" */ = {
			isa = XCConfigurationList;
			buildConfigurations = (
				6FCC9B5C25237C5500BDD827 /* Debug */,
				6FCC9B5D25237C5500BDD827 /* Release */,
			);
			defaultConfigurationIsVisible = 0;
			defaultConfigurationName = Release;
		};
		6FCC9B5E25237C5500BDD827 /* Build configuration list for PBXNativeTarget "Tests macOS" */ = {
			isa = XCConfigurationList;
			buildConfigurations = (
				6FCC9B5F25237C5500BDD827 /* Debug */,
				6FCC9B6025237C5500BDD827 /* Release */,
			);
			defaultConfigurationIsVisible = 0;
			defaultConfigurationName = Release;
		};
/* End XCConfigurationList section */

/* Begin XCSwiftPackageProductDependency section */
		6F2E48022524A8610080F778 /* Palette */ = {
			isa = XCSwiftPackageProductDependency;
			productName = Palette;
		};
		6F41039E252701E900FB4D99 /* Palette */ = {
			isa = XCSwiftPackageProductDependency;
			productName = Palette;
		};
		6FC0280F252CB68F002150F5 /* Common */ = {
			isa = XCSwiftPackageProductDependency;
			productName = Common;
		};
		6FC02811252CB693002150F5 /* Common */ = {
			isa = XCSwiftPackageProductDependency;
			productName = Common;
		};
		6FC0286D252EEDEE002150F5 /* HomeFlow */ = {
			isa = XCSwiftPackageProductDependency;
			productName = HomeFlow;
		};
		6FC02884252F068C002150F5 /* FavoriteFlow */ = {
			isa = XCSwiftPackageProductDependency;
			productName = FavoriteFlow;
		};
		6FC02893252F07D0002150F5 /* MessagesFlow */ = {
			isa = XCSwiftPackageProductDependency;
			productName = MessagesFlow;
		};
		6FC0289E252F08FB002150F5 /* TagsFlow */ = {
			isa = XCSwiftPackageProductDependency;
			productName = TagsFlow;
		};
		6FC028A9252F099D002150F5 /* UsersFlow */ = {
			isa = XCSwiftPackageProductDependency;
			productName = UsersFlow;
		};
/* End XCSwiftPackageProductDependency section */

/* Begin XCVersionGroup section */
		6FCC9B1D25237C5300BDD827 /* StackOv.xcdatamodeld */ = {
			isa = XCVersionGroup;
			children = (
				6FCC9B1E25237C5300BDD827 /* Shared.xcdatamodel */,
			);
			currentVersion = 6FCC9B1E25237C5300BDD827 /* Shared.xcdatamodel */;
			path = StackOv.xcdatamodeld;
			sourceTree = "<group>";
			versionGroupType = wrapper.xcdatamodel;
		};
/* End XCVersionGroup section */
	};
	rootObject = 6FCC9B1825237C5300BDD827 /* Project object */;
}
