// !$*UTF8*$!
{
	archiveVersion = 1;
	classes = {
	};
	objectVersion = 52;
	objects = {

/* Begin PBXBuildFile section */
		6F2A528024842E350040FB4B /* DoubleColumnView.swift in Sources */ = {isa = PBXBuildFile; fileRef = 6F2A527F24842E350040FB4B /* DoubleColumnView.swift */; };
		6F2A5282248466F30040FB4B /* Int.swift in Sources */ = {isa = PBXBuildFile; fileRef = 6F2A5281248466F30040FB4B /* Int.swift */; };
		6F2E653F2468901000EBAE37 /* NavigationBarView.swift in Sources */ = {isa = PBXBuildFile; fileRef = 6F2E653E2468901000EBAE37 /* NavigationBarView.swift */; };
		6F2E65432468C51A00EBAE37 /* SearchStore.swift in Sources */ = {isa = PBXBuildFile; fileRef = 6F2E65422468C51A00EBAE37 /* SearchStore.swift */; };
		6F3311912469F36F006B9C02 /* LoadingIndicatorView.swift in Sources */ = {isa = PBXBuildFile; fileRef = 6F3311902469F36F006B9C02 /* LoadingIndicatorView.swift */; };
		6F331D9F24686A65005C2A81 /* SearchBarView.swift in Sources */ = {isa = PBXBuildFile; fileRef = 6F331D9E24686A65005C2A81 /* SearchBarView.swift */; };
		6F3ACA0C2468337100FDC05C /* RService in Frameworks */ = {isa = PBXBuildFile; productRef = 6F3ACA0B2468337100FDC05C /* RService */; };
		6F6C836A2464034C00138E59 /* Notifications.swift in Sources */ = {isa = PBXBuildFile; fileRef = 6F6C83692464034C00138E59 /* Notifications.swift */; };
		6F6C836E246403E400138E59 /* TransitionStore.swift in Sources */ = {isa = PBXBuildFile; fileRef = 6F6C836D246403E400138E59 /* TransitionStore.swift */; };
		6F6C83702464043800138E59 /* UIUserInterfaceIdiom.swift in Sources */ = {isa = PBXBuildFile; fileRef = 6F6C836F2464043800138E59 /* UIUserInterfaceIdiom.swift */; };
		6F6C83722464236900138E59 /* UIDeviceOrientation.swift in Sources */ = {isa = PBXBuildFile; fileRef = 6F6C83712464236900138E59 /* UIDeviceOrientation.swift */; };
		6F6C83742464293A00138E59 /* HostingController.swift in Sources */ = {isa = PBXBuildFile; fileRef = 6F6C83732464293A00138E59 /* HostingController.swift */; };
		6F7C24F824767036003E452A /* SnippetBlockView.swift in Sources */ = {isa = PBXBuildFile; fileRef = 6F7C24F724767036003E452A /* SnippetBlockView.swift */; };
		6F7C24FE2477DE1F003E452A /* TagsCollectionView.swift in Sources */ = {isa = PBXBuildFile; fileRef = 6F7C24FD2477DE1F003E452A /* TagsCollectionView.swift */; };
		6F88C79A248305DB005C7E2D /* SafariView.swift in Sources */ = {isa = PBXBuildFile; fileRef = 6F88C799248305DB005C7E2D /* SafariView.swift */; };
		6F8FA76824715585002544B9 /* DocumentView.swift in Sources */ = {isa = PBXBuildFile; fileRef = 6F8FA76724715585002544B9 /* DocumentView.swift */; };
		6F8FA76A247155EA002544B9 /* MarkdownUnitView.swift in Sources */ = {isa = PBXBuildFile; fileRef = 6F8FA769247155EA002544B9 /* MarkdownUnitView.swift */; };
		6F8FA76E24716B28002544B9 /* BlockQuoteView.swift in Sources */ = {isa = PBXBuildFile; fileRef = 6F8FA76D24716B28002544B9 /* BlockQuoteView.swift */; };
		6F8FA77224717EC3002544B9 /* GlobalBlockView.swift in Sources */ = {isa = PBXBuildFile; fileRef = 6F8FA77124717EC3002544B9 /* GlobalBlockView.swift */; };
		6F8FA77424717FDB002544B9 /* ListView.swift in Sources */ = {isa = PBXBuildFile; fileRef = 6F8FA77324717FDB002544B9 /* ListView.swift */; };
		6F8FA776247181B0002544B9 /* CodeBlockView.swift in Sources */ = {isa = PBXBuildFile; fileRef = 6F8FA775247181B0002544B9 /* CodeBlockView.swift */; };
		6F8FA7822471A7F2002544B9 /* KingfisherSwiftUI in Frameworks */ = {isa = PBXBuildFile; productRef = 6F8FA7812471A7F2002544B9 /* KingfisherSwiftUI */; };
		6F99D20024753B0300F229F1 /* MarkdownTextView.swift in Sources */ = {isa = PBXBuildFile; fileRef = 6F99D1FF24753B0300F229F1 /* MarkdownTextView.swift */; };
		6F99D20324753BFF00F229F1 /* Lazy.swift in Sources */ = {isa = PBXBuildFile; fileRef = 6F99D20224753BFF00F229F1 /* Lazy.swift */; };
		6F9F2CED24703AE300C7866C /* QuestionStore.swift in Sources */ = {isa = PBXBuildFile; fileRef = 6F9F2CEC24703AE200C7866C /* QuestionStore.swift */; };
		6F9F2CF024703F3A00C7866C /* QuestionDetailsView.swift in Sources */ = {isa = PBXBuildFile; fileRef = 6F9F2CEF24703F3A00C7866C /* QuestionDetailsView.swift */; };
		6F9F2CF224703F4F00C7866C /* QuestionView.swift in Sources */ = {isa = PBXBuildFile; fileRef = 6F9F2CF124703F4F00C7866C /* QuestionView.swift */; };
		6F9F2CF424704A1900C7866C /* QuestionModel.swift in Sources */ = {isa = PBXBuildFile; fileRef = 6F9F2CF324704A1900C7866C /* QuestionModel.swift */; };
		6F9F2CF624704E1400C7866C /* EmptyContentView.swift in Sources */ = {isa = PBXBuildFile; fileRef = 6F9F2CF524704E1400C7866C /* EmptyContentView.swift */; };
		6FA76E322464BE0C004115C1 /* CollectionView.swift in Sources */ = {isa = PBXBuildFile; fileRef = 6FA76E312464BE0C004115C1 /* CollectionView.swift */; };
		6FA76E352464CBC0004115C1 /* TagModel.swift in Sources */ = {isa = PBXBuildFile; fileRef = 6FA76E342464CBC0004115C1 /* TagModel.swift */; };
		6FAB317A247494B800CD7C03 /* NSAttributedString.swift in Sources */ = {isa = PBXBuildFile; fileRef = 6FAB3179247494B800CD7C03 /* NSAttributedString.swift */; };
		6FB9BCCB24798B76003F9025 /* UserDTO.swift in Sources */ = {isa = PBXBuildFile; fileRef = 6FB9BCCA24798B76003F9025 /* UserDTO.swift */; };
		6FB9BCCD2479A485003F9025 /* AnswersView.swift in Sources */ = {isa = PBXBuildFile; fileRef = 6FB9BCCC2479A485003F9025 /* AnswersView.swift */; };
		6FB9BCCF2479A7FE003F9025 /* AnswerDTO.swift in Sources */ = {isa = PBXBuildFile; fileRef = 6FB9BCCE2479A7FE003F9025 /* AnswerDTO.swift */; };
		6FB9BCD12479AE6F003F9025 /* AnswersStore.swift in Sources */ = {isa = PBXBuildFile; fileRef = 6FB9BCD02479AE6F003F9025 /* AnswersStore.swift */; };
		6FB9BCD32479B3B9003F9025 /* AnswerModel.swift in Sources */ = {isa = PBXBuildFile; fileRef = 6FB9BCD22479B3B9003F9025 /* AnswerModel.swift */; };
		6FD27107247A8E4D00946EF6 /* AnswerView.swift in Sources */ = {isa = PBXBuildFile; fileRef = 6FD27106247A8E4D00946EF6 /* AnswerView.swift */; };
		6FD29C6324805B38001848A4 /* LoadMoreButton.swift in Sources */ = {isa = PBXBuildFile; fileRef = 6FD29C6224805B38001848A4 /* LoadMoreButton.swift */; };
		6FD488602460D6F90010CFE0 /* QuestionItemModel.swift in Sources */ = {isa = PBXBuildFile; fileRef = 6FD4885F2460D6F90010CFE0 /* QuestionItemModel.swift */; };
		6FD488652461D7EB0010CFE0 /* StackoverflowStore.swift in Sources */ = {isa = PBXBuildFile; fileRef = 6FD488642461D7EB0010CFE0 /* StackoverflowStore.swift */; };
		6FD488672461DFF90010CFE0 /* PostsDTO.swift in Sources */ = {isa = PBXBuildFile; fileRef = 6FD488662461DFF90010CFE0 /* PostsDTO.swift */; };
		6FD4886D246222730010CFE0 /* String.swift in Sources */ = {isa = PBXBuildFile; fileRef = 6FD4886C246222730010CFE0 /* String.swift */; };
		6FD4886F2462244B0010CFE0 /* UIApplication.swift in Sources */ = {isa = PBXBuildFile; fileRef = 6FD4886E2462244B0010CFE0 /* UIApplication.swift */; };
		6FE88B212469CEA2001A3D63 /* EdgeInsets.swift in Sources */ = {isa = PBXBuildFile; fileRef = 6FE88B202469CEA2001A3D63 /* EdgeInsets.swift */; };
		6FF68A1A245F5606007C1B84 /* AppDelegate.swift in Sources */ = {isa = PBXBuildFile; fileRef = 6FF68A19245F5606007C1B84 /* AppDelegate.swift */; };
		6FF68A1C245F5606007C1B84 /* SceneDelegate.swift in Sources */ = {isa = PBXBuildFile; fileRef = 6FF68A1B245F5606007C1B84 /* SceneDelegate.swift */; };
		6FF68A1E245F5606007C1B84 /* MainView.swift in Sources */ = {isa = PBXBuildFile; fileRef = 6FF68A1D245F5606007C1B84 /* MainView.swift */; };
		6FF68A20245F5607007C1B84 /* Assets.xcassets in Resources */ = {isa = PBXBuildFile; fileRef = 6FF68A1F245F5607007C1B84 /* Assets.xcassets */; };
		6FF68A23245F5607007C1B84 /* Preview Assets.xcassets in Resources */ = {isa = PBXBuildFile; fileRef = 6FF68A22245F5607007C1B84 /* Preview Assets.xcassets */; };
		6FF68A26245F5607007C1B84 /* LaunchScreen.storyboard in Resources */ = {isa = PBXBuildFile; fileRef = 6FF68A24245F5607007C1B84 /* LaunchScreen.storyboard */; };
		6FF68A31245F5607007C1B84 /* StackOvTests.swift in Sources */ = {isa = PBXBuildFile; fileRef = 6FF68A30245F5607007C1B84 /* StackOvTests.swift */; };
		6FF68A3D245F5687007C1B84 /* QuestionItemView.swift in Sources */ = {isa = PBXBuildFile; fileRef = 6FF68A3C245F5686007C1B84 /* QuestionItemView.swift */; };
		6FF68A3F2460410D007C1B84 /* TagView.swift in Sources */ = {isa = PBXBuildFile; fileRef = 6FF68A3E2460410D007C1B84 /* TagView.swift */; };
		6FF68A482460C37B007C1B84 /* StackoverflowService.swift in Sources */ = {isa = PBXBuildFile; fileRef = 6FF68A472460C37B007C1B84 /* StackoverflowService.swift */; };
		6FF68A4B2460C556007C1B84 /* QuestionDTO.swift in Sources */ = {isa = PBXBuildFile; fileRef = 6FF68A4A2460C556007C1B84 /* QuestionDTO.swift */; };
		6FFF65C92470677200E2AED3 /* Down in Frameworks */ = {isa = PBXBuildFile; productRef = 6FFF65C82470677200E2AED3 /* Down */; };
		6FFF65D1247069F400E2AED3 /* HTMLEntities in Frameworks */ = {isa = PBXBuildFile; productRef = 6FFF65D0247069F400E2AED3 /* HTMLEntities */; };
		6FFF65D324706B4B00E2AED3 /* MarkdownView.swift in Sources */ = {isa = PBXBuildFile; fileRef = 6FFF65D224706B4B00E2AED3 /* MarkdownView.swift */; };
		6FFF65DA2470A1AA00E2AED3 /* Markdown.swift in Sources */ = {isa = PBXBuildFile; fileRef = 6FFF65D92470A1AA00E2AED3 /* Markdown.swift */; };
/* End PBXBuildFile section */

/* Begin PBXContainerItemProxy section */
		6FF68A2D245F5607007C1B84 /* PBXContainerItemProxy */ = {
			isa = PBXContainerItemProxy;
			containerPortal = 6FF68A0E245F5606007C1B84 /* Project object */;
			proxyType = 1;
			remoteGlobalIDString = 6FF68A15245F5606007C1B84;
			remoteInfo = StackOv;
		};
/* End PBXContainerItemProxy section */

/* Begin PBXFileReference section */
		6F2A527F24842E350040FB4B /* DoubleColumnView.swift */ = {isa = PBXFileReference; lastKnownFileType = sourcecode.swift; path = DoubleColumnView.swift; sourceTree = "<group>"; };
		6F2A5281248466F30040FB4B /* Int.swift */ = {isa = PBXFileReference; lastKnownFileType = sourcecode.swift; path = Int.swift; sourceTree = "<group>"; };
		6F2E653E2468901000EBAE37 /* NavigationBarView.swift */ = {isa = PBXFileReference; lastKnownFileType = sourcecode.swift; path = NavigationBarView.swift; sourceTree = "<group>"; };
		6F2E65422468C51A00EBAE37 /* SearchStore.swift */ = {isa = PBXFileReference; lastKnownFileType = sourcecode.swift; path = SearchStore.swift; sourceTree = "<group>"; };
		6F3311902469F36F006B9C02 /* LoadingIndicatorView.swift */ = {isa = PBXFileReference; lastKnownFileType = sourcecode.swift; path = LoadingIndicatorView.swift; sourceTree = "<group>"; };
		6F331D9E24686A65005C2A81 /* SearchBarView.swift */ = {isa = PBXFileReference; lastKnownFileType = sourcecode.swift; path = SearchBarView.swift; sourceTree = "<group>"; };
		6F6C83692464034C00138E59 /* Notifications.swift */ = {isa = PBXFileReference; lastKnownFileType = sourcecode.swift; path = Notifications.swift; sourceTree = "<group>"; };
		6F6C836D246403E400138E59 /* TransitionStore.swift */ = {isa = PBXFileReference; lastKnownFileType = sourcecode.swift; path = TransitionStore.swift; sourceTree = "<group>"; };
		6F6C836F2464043800138E59 /* UIUserInterfaceIdiom.swift */ = {isa = PBXFileReference; lastKnownFileType = sourcecode.swift; path = UIUserInterfaceIdiom.swift; sourceTree = "<group>"; };
		6F6C83712464236900138E59 /* UIDeviceOrientation.swift */ = {isa = PBXFileReference; lastKnownFileType = sourcecode.swift; path = UIDeviceOrientation.swift; sourceTree = "<group>"; };
		6F6C83732464293A00138E59 /* HostingController.swift */ = {isa = PBXFileReference; lastKnownFileType = sourcecode.swift; path = HostingController.swift; sourceTree = "<group>"; };
		6F7C24F724767036003E452A /* SnippetBlockView.swift */ = {isa = PBXFileReference; lastKnownFileType = sourcecode.swift; path = SnippetBlockView.swift; sourceTree = "<group>"; };
		6F7C24FD2477DE1F003E452A /* TagsCollectionView.swift */ = {isa = PBXFileReference; lastKnownFileType = sourcecode.swift; path = TagsCollectionView.swift; sourceTree = "<group>"; };
		6F88C799248305DB005C7E2D /* SafariView.swift */ = {isa = PBXFileReference; lastKnownFileType = sourcecode.swift; path = SafariView.swift; sourceTree = "<group>"; };
		6F8FA76724715585002544B9 /* DocumentView.swift */ = {isa = PBXFileReference; lastKnownFileType = sourcecode.swift; path = DocumentView.swift; sourceTree = "<group>"; };
		6F8FA769247155EA002544B9 /* MarkdownUnitView.swift */ = {isa = PBXFileReference; lastKnownFileType = sourcecode.swift; path = MarkdownUnitView.swift; sourceTree = "<group>"; };
		6F8FA76D24716B28002544B9 /* BlockQuoteView.swift */ = {isa = PBXFileReference; lastKnownFileType = sourcecode.swift; path = BlockQuoteView.swift; sourceTree = "<group>"; };
		6F8FA77124717EC3002544B9 /* GlobalBlockView.swift */ = {isa = PBXFileReference; lastKnownFileType = sourcecode.swift; path = GlobalBlockView.swift; sourceTree = "<group>"; };
		6F8FA77324717FDB002544B9 /* ListView.swift */ = {isa = PBXFileReference; lastKnownFileType = sourcecode.swift; path = ListView.swift; sourceTree = "<group>"; };
		6F8FA775247181B0002544B9 /* CodeBlockView.swift */ = {isa = PBXFileReference; lastKnownFileType = sourcecode.swift; path = CodeBlockView.swift; sourceTree = "<group>"; };
		6F99D1FF24753B0300F229F1 /* MarkdownTextView.swift */ = {isa = PBXFileReference; lastKnownFileType = sourcecode.swift; path = MarkdownTextView.swift; sourceTree = "<group>"; };
		6F99D20224753BFF00F229F1 /* Lazy.swift */ = {isa = PBXFileReference; lastKnownFileType = sourcecode.swift; path = Lazy.swift; sourceTree = "<group>"; };
		6F9F2CEC24703AE200C7866C /* QuestionStore.swift */ = {isa = PBXFileReference; lastKnownFileType = sourcecode.swift; path = QuestionStore.swift; sourceTree = "<group>"; };
		6F9F2CEF24703F3A00C7866C /* QuestionDetailsView.swift */ = {isa = PBXFileReference; lastKnownFileType = sourcecode.swift; path = QuestionDetailsView.swift; sourceTree = "<group>"; };
		6F9F2CF124703F4F00C7866C /* QuestionView.swift */ = {isa = PBXFileReference; lastKnownFileType = sourcecode.swift; path = QuestionView.swift; sourceTree = "<group>"; };
		6F9F2CF324704A1900C7866C /* QuestionModel.swift */ = {isa = PBXFileReference; lastKnownFileType = sourcecode.swift; path = QuestionModel.swift; sourceTree = "<group>"; };
		6F9F2CF524704E1400C7866C /* EmptyContentView.swift */ = {isa = PBXFileReference; lastKnownFileType = sourcecode.swift; path = EmptyContentView.swift; sourceTree = "<group>"; };
		6FA76E312464BE0C004115C1 /* CollectionView.swift */ = {isa = PBXFileReference; lastKnownFileType = sourcecode.swift; path = CollectionView.swift; sourceTree = "<group>"; };
		6FA76E342464CBC0004115C1 /* TagModel.swift */ = {isa = PBXFileReference; lastKnownFileType = sourcecode.swift; path = TagModel.swift; sourceTree = "<group>"; };
		6FAB3179247494B800CD7C03 /* NSAttributedString.swift */ = {isa = PBXFileReference; lastKnownFileType = sourcecode.swift; path = NSAttributedString.swift; sourceTree = "<group>"; };
		6FB9BCCA24798B76003F9025 /* UserDTO.swift */ = {isa = PBXFileReference; lastKnownFileType = sourcecode.swift; path = UserDTO.swift; sourceTree = "<group>"; };
		6FB9BCCC2479A485003F9025 /* AnswersView.swift */ = {isa = PBXFileReference; lastKnownFileType = sourcecode.swift; path = AnswersView.swift; sourceTree = "<group>"; };
		6FB9BCCE2479A7FE003F9025 /* AnswerDTO.swift */ = {isa = PBXFileReference; lastKnownFileType = sourcecode.swift; path = AnswerDTO.swift; sourceTree = "<group>"; };
		6FB9BCD02479AE6F003F9025 /* AnswersStore.swift */ = {isa = PBXFileReference; lastKnownFileType = sourcecode.swift; path = AnswersStore.swift; sourceTree = "<group>"; };
		6FB9BCD22479B3B9003F9025 /* AnswerModel.swift */ = {isa = PBXFileReference; lastKnownFileType = sourcecode.swift; path = AnswerModel.swift; sourceTree = "<group>"; };
		6FD27106247A8E4D00946EF6 /* AnswerView.swift */ = {isa = PBXFileReference; lastKnownFileType = sourcecode.swift; path = AnswerView.swift; sourceTree = "<group>"; };
		6FD29C6224805B38001848A4 /* LoadMoreButton.swift */ = {isa = PBXFileReference; lastKnownFileType = sourcecode.swift; path = LoadMoreButton.swift; sourceTree = "<group>"; };
		6FD4885F2460D6F90010CFE0 /* QuestionItemModel.swift */ = {isa = PBXFileReference; lastKnownFileType = sourcecode.swift; path = QuestionItemModel.swift; sourceTree = "<group>"; };
		6FD488642461D7EB0010CFE0 /* StackoverflowStore.swift */ = {isa = PBXFileReference; lastKnownFileType = sourcecode.swift; path = StackoverflowStore.swift; sourceTree = "<group>"; };
		6FD488662461DFF90010CFE0 /* PostsDTO.swift */ = {isa = PBXFileReference; lastKnownFileType = sourcecode.swift; path = PostsDTO.swift; sourceTree = "<group>"; };
		6FD4886C246222730010CFE0 /* String.swift */ = {isa = PBXFileReference; lastKnownFileType = sourcecode.swift; path = String.swift; sourceTree = "<group>"; };
		6FD4886E2462244B0010CFE0 /* UIApplication.swift */ = {isa = PBXFileReference; lastKnownFileType = sourcecode.swift; path = UIApplication.swift; sourceTree = "<group>"; };
		6FE88B202469CEA2001A3D63 /* EdgeInsets.swift */ = {isa = PBXFileReference; lastKnownFileType = sourcecode.swift; path = EdgeInsets.swift; sourceTree = "<group>"; };
		6FF68A16245F5606007C1B84 /* StackOv.app */ = {isa = PBXFileReference; explicitFileType = wrapper.application; includeInIndex = 0; path = StackOv.app; sourceTree = BUILT_PRODUCTS_DIR; };
		6FF68A19245F5606007C1B84 /* AppDelegate.swift */ = {isa = PBXFileReference; lastKnownFileType = sourcecode.swift; path = AppDelegate.swift; sourceTree = "<group>"; };
		6FF68A1B245F5606007C1B84 /* SceneDelegate.swift */ = {isa = PBXFileReference; lastKnownFileType = sourcecode.swift; path = SceneDelegate.swift; sourceTree = "<group>"; };
		6FF68A1D245F5606007C1B84 /* MainView.swift */ = {isa = PBXFileReference; lastKnownFileType = sourcecode.swift; path = MainView.swift; sourceTree = "<group>"; };
		6FF68A1F245F5607007C1B84 /* Assets.xcassets */ = {isa = PBXFileReference; lastKnownFileType = folder.assetcatalog; path = Assets.xcassets; sourceTree = "<group>"; };
		6FF68A22245F5607007C1B84 /* Preview Assets.xcassets */ = {isa = PBXFileReference; lastKnownFileType = folder.assetcatalog; path = "Preview Assets.xcassets"; sourceTree = "<group>"; };
		6FF68A25245F5607007C1B84 /* Base */ = {isa = PBXFileReference; lastKnownFileType = file.storyboard; name = Base; path = Base.lproj/LaunchScreen.storyboard; sourceTree = "<group>"; };
		6FF68A27245F5607007C1B84 /* Info.plist */ = {isa = PBXFileReference; lastKnownFileType = text.plist.xml; path = Info.plist; sourceTree = "<group>"; };
		6FF68A2C245F5607007C1B84 /* StackOvTests.xctest */ = {isa = PBXFileReference; explicitFileType = wrapper.cfbundle; includeInIndex = 0; path = StackOvTests.xctest; sourceTree = BUILT_PRODUCTS_DIR; };
		6FF68A30245F5607007C1B84 /* StackOvTests.swift */ = {isa = PBXFileReference; lastKnownFileType = sourcecode.swift; path = StackOvTests.swift; sourceTree = "<group>"; };
		6FF68A3B245F5651007C1B84 /* StackOv.entitlements */ = {isa = PBXFileReference; lastKnownFileType = text.plist.entitlements; path = StackOv.entitlements; sourceTree = "<group>"; };
		6FF68A3C245F5686007C1B84 /* QuestionItemView.swift */ = {isa = PBXFileReference; lastKnownFileType = sourcecode.swift; path = QuestionItemView.swift; sourceTree = "<group>"; };
		6FF68A3E2460410D007C1B84 /* TagView.swift */ = {isa = PBXFileReference; lastKnownFileType = sourcecode.swift; path = TagView.swift; sourceTree = "<group>"; };
		6FF68A472460C37B007C1B84 /* StackoverflowService.swift */ = {isa = PBXFileReference; lastKnownFileType = sourcecode.swift; path = StackoverflowService.swift; sourceTree = "<group>"; };
		6FF68A4A2460C556007C1B84 /* QuestionDTO.swift */ = {isa = PBXFileReference; lastKnownFileType = sourcecode.swift; path = QuestionDTO.swift; sourceTree = "<group>"; };
		6FFF65D224706B4B00E2AED3 /* MarkdownView.swift */ = {isa = PBXFileReference; lastKnownFileType = sourcecode.swift; path = MarkdownView.swift; sourceTree = "<group>"; };
		6FFF65D92470A1AA00E2AED3 /* Markdown.swift */ = {isa = PBXFileReference; lastKnownFileType = sourcecode.swift; path = Markdown.swift; sourceTree = "<group>"; };
/* End PBXFileReference section */

/* Begin PBXFrameworksBuildPhase section */
		6FF68A13245F5606007C1B84 /* Frameworks */ = {
			isa = PBXFrameworksBuildPhase;
			buildActionMask = 2147483647;
			files = (
				6FFF65C92470677200E2AED3 /* Down in Frameworks */,
				6F3ACA0C2468337100FDC05C /* RService in Frameworks */,
				6F8FA7822471A7F2002544B9 /* KingfisherSwiftUI in Frameworks */,
				6FFF65D1247069F400E2AED3 /* HTMLEntities in Frameworks */,
			);
			runOnlyForDeploymentPostprocessing = 0;
		};
		6FF68A29245F5607007C1B84 /* Frameworks */ = {
			isa = PBXFrameworksBuildPhase;
			buildActionMask = 2147483647;
			files = (
			);
			runOnlyForDeploymentPostprocessing = 0;
		};
/* End PBXFrameworksBuildPhase section */

/* Begin PBXGroup section */
		6F2A527E24842E1E0040FB4B /* DoubleColumnView */ = {
			isa = PBXGroup;
			children = (
				6F2A527F24842E350040FB4B /* DoubleColumnView.swift */,
			);
			path = DoubleColumnView;
			sourceTree = "<group>";
		};
		6F331D9D24686A04005C2A81 /* NavigationBar */ = {
			isa = PBXGroup;
			children = (
				6F331D9E24686A65005C2A81 /* SearchBarView.swift */,
				6F2E653E2468901000EBAE37 /* NavigationBarView.swift */,
			);
			path = NavigationBar;
			sourceTree = "<group>";
		};
		6F70F10224697F050082AF10 /* Collections */ = {
			isa = PBXGroup;
			children = (
				6F7C24FD2477DE1F003E452A /* TagsCollectionView.swift */,
				6FA76E312464BE0C004115C1 /* CollectionView.swift */,
			);
			path = Collections;
			sourceTree = "<group>";
		};
		6F8FA76624715510002544B9 /* Markdown */ = {
			isa = PBXGroup;
			children = (
				6F8FA76F2471795A002544B9 /* Blocks */,
				6FFF65D92470A1AA00E2AED3 /* Markdown.swift */,
				6F8FA769247155EA002544B9 /* MarkdownUnitView.swift */,
				6FFF65D224706B4B00E2AED3 /* MarkdownView.swift */,
				6F99D1FF24753B0300F229F1 /* MarkdownTextView.swift */,
			);
			path = Markdown;
			sourceTree = "<group>";
		};
		6F8FA76F2471795A002544B9 /* Blocks */ = {
			isa = PBXGroup;
			children = (
				6F8FA77124717EC3002544B9 /* GlobalBlockView.swift */,
				6F8FA76724715585002544B9 /* DocumentView.swift */,
				6F8FA76D24716B28002544B9 /* BlockQuoteView.swift */,
				6F8FA77324717FDB002544B9 /* ListView.swift */,
				6F8FA775247181B0002544B9 /* CodeBlockView.swift */,
				6F7C24F724767036003E452A /* SnippetBlockView.swift */,
			);
			path = Blocks;
			sourceTree = "<group>";
		};
		6F99D20124753BDD00F229F1 /* Helpers */ = {
			isa = PBXGroup;
			children = (
				6F99D20224753BFF00F229F1 /* Lazy.swift */,
			);
			path = Helpers;
			sourceTree = "<group>";
		};
		6F9F2CEE24703E3400C7866C /* QuestionDetails */ = {
			isa = PBXGroup;
			children = (
				6F9F2CF324704A1900C7866C /* QuestionModel.swift */,
				6FB9BCD22479B3B9003F9025 /* AnswerModel.swift */,
				6F9F2CEF24703F3A00C7866C /* QuestionDetailsView.swift */,
				6F9F2CF124703F4F00C7866C /* QuestionView.swift */,
				6FB9BCCC2479A485003F9025 /* AnswersView.swift */,
				6FD27106247A8E4D00946EF6 /* AnswerView.swift */,
			);
			path = QuestionDetails;
			sourceTree = "<group>";
		};
		6FA76E332464CBAE004115C1 /* Tag */ = {
			isa = PBXGroup;
			children = (
				6FA76E342464CBC0004115C1 /* TagModel.swift */,
				6FF68A3E2460410D007C1B84 /* TagView.swift */,
			);
			path = Tag;
			sourceTree = "<group>";
		};
		6FD29C6124805AFC001848A4 /* Buttons */ = {
			isa = PBXGroup;
			children = (
				6FD29C6224805B38001848A4 /* LoadMoreButton.swift */,
			);
			path = Buttons;
			sourceTree = "<group>";
		};
		6FD4885E2460D6DA0010CFE0 /* QuestionItem */ = {
			isa = PBXGroup;
			children = (
				6FD4885F2460D6F90010CFE0 /* QuestionItemModel.swift */,
				6FF68A3C245F5686007C1B84 /* QuestionItemView.swift */,
			);
			path = QuestionItem;
			sourceTree = "<group>";
		};
		6FD4886124617C540010CFE0 /* Application */ = {
			isa = PBXGroup;
			children = (
				6FF68A27245F5607007C1B84 /* Info.plist */,
				6FF68A3B245F5651007C1B84 /* StackOv.entitlements */,
				6FF68A19245F5606007C1B84 /* AppDelegate.swift */,
				6FF68A1B245F5606007C1B84 /* SceneDelegate.swift */,
				6FF68A24245F5607007C1B84 /* LaunchScreen.storyboard */,
				6F6C83732464293A00138E59 /* HostingController.swift */,
			);
			path = Application;
			sourceTree = "<group>";
		};
		6FD4886224617CFC0010CFE0 /* Resources */ = {
			isa = PBXGroup;
			children = (
				6FF68A1F245F5607007C1B84 /* Assets.xcassets */,
				6FF68A22245F5607007C1B84 /* Preview Assets.xcassets */,
			);
			path = Resources;
			sourceTree = "<group>";
		};
		6FD488632461D7AF0010CFE0 /* Stores */ = {
			isa = PBXGroup;
			children = (
				6FD488642461D7EB0010CFE0 /* StackoverflowStore.swift */,
				6F6C836D246403E400138E59 /* TransitionStore.swift */,
				6F2E65422468C51A00EBAE37 /* SearchStore.swift */,
				6F9F2CEC24703AE200C7866C /* QuestionStore.swift */,
				6FB9BCD02479AE6F003F9025 /* AnswersStore.swift */,
			);
			path = Stores;
			sourceTree = "<group>";
		};
		6FD4886B246222640010CFE0 /* Extensions */ = {
			isa = PBXGroup;
			children = (
				6F2A5281248466F30040FB4B /* Int.swift */,
				6FD4886C246222730010CFE0 /* String.swift */,
				6FD4886E2462244B0010CFE0 /* UIApplication.swift */,
				6F6C83692464034C00138E59 /* Notifications.swift */,
				6F6C836F2464043800138E59 /* UIUserInterfaceIdiom.swift */,
				6F6C83712464236900138E59 /* UIDeviceOrientation.swift */,
				6FE88B202469CEA2001A3D63 /* EdgeInsets.swift */,
				6FAB3179247494B800CD7C03 /* NSAttributedString.swift */,
			);
			path = Extensions;
			sourceTree = "<group>";
		};
		6FF68A0D245F5606007C1B84 = {
			isa = PBXGroup;
			children = (
				6FF68A18245F5606007C1B84 /* StackOv */,
				6FF68A2F245F5607007C1B84 /* StackOvTests */,
				6FF68A17245F5606007C1B84 /* Products */,
			);
			sourceTree = "<group>";
		};
		6FF68A17245F5606007C1B84 /* Products */ = {
			isa = PBXGroup;
			children = (
				6FF68A16245F5606007C1B84 /* StackOv.app */,
				6FF68A2C245F5607007C1B84 /* StackOvTests.xctest */,
			);
			name = Products;
			sourceTree = "<group>";
		};
		6FF68A18245F5606007C1B84 /* StackOv */ = {
			isa = PBXGroup;
			children = (
				6F99D20124753BDD00F229F1 /* Helpers */,
				6FD4886124617C540010CFE0 /* Application */,
				6FD4886224617CFC0010CFE0 /* Resources */,
				6FD4886B246222640010CFE0 /* Extensions */,
				6FF68A492460C4BE007C1B84 /* DataTransferObjects */,
				6FF68A412460B7D9007C1B84 /* Services */,
				6FD488632461D7AF0010CFE0 /* Stores */,
				6FF68A432460B98B007C1B84 /* Views */,
				6FF68A402460B6B6007C1B84 /* Flows */,
			);
			path = StackOv;
			sourceTree = "<group>";
		};
		6FF68A2F245F5607007C1B84 /* StackOvTests */ = {
			isa = PBXGroup;
			children = (
				6FF68A30245F5607007C1B84 /* StackOvTests.swift */,
			);
			path = StackOvTests;
			sourceTree = "<group>";
		};
		6FF68A402460B6B6007C1B84 /* Flows */ = {
			isa = PBXGroup;
			children = (
				6FF68A442460C126007C1B84 /* MainFlow */,
			);
			path = Flows;
			sourceTree = "<group>";
		};
		6FF68A412460B7D9007C1B84 /* Services */ = {
			isa = PBXGroup;
			children = (
				6FF68A472460C37B007C1B84 /* StackoverflowService.swift */,
			);
			path = Services;
			sourceTree = "<group>";
		};
		6FF68A432460B98B007C1B84 /* Views */ = {
			isa = PBXGroup;
			children = (
				6F2A527E24842E1E0040FB4B /* DoubleColumnView */,
				6FD29C6124805AFC001848A4 /* Buttons */,
				6F8FA76624715510002544B9 /* Markdown */,
				6F9F2CEE24703E3400C7866C /* QuestionDetails */,
				6F70F10224697F050082AF10 /* Collections */,
				6F331D9D24686A04005C2A81 /* NavigationBar */,
				6FA76E332464CBAE004115C1 /* Tag */,
				6FD4885E2460D6DA0010CFE0 /* QuestionItem */,
				6F3311902469F36F006B9C02 /* LoadingIndicatorView.swift */,
				6F9F2CF524704E1400C7866C /* EmptyContentView.swift */,
				6F88C799248305DB005C7E2D /* SafariView.swift */,
			);
			path = Views;
			sourceTree = "<group>";
		};
		6FF68A442460C126007C1B84 /* MainFlow */ = {
			isa = PBXGroup;
			children = (
				6FF68A1D245F5606007C1B84 /* MainView.swift */,
			);
			path = MainFlow;
			sourceTree = "<group>";
		};
		6FF68A492460C4BE007C1B84 /* DataTransferObjects */ = {
			isa = PBXGroup;
			children = (
				6FF68A4A2460C556007C1B84 /* QuestionDTO.swift */,
				6FD488662461DFF90010CFE0 /* PostsDTO.swift */,
				6FB9BCCA24798B76003F9025 /* UserDTO.swift */,
				6FB9BCCE2479A7FE003F9025 /* AnswerDTO.swift */,
			);
			path = DataTransferObjects;
			sourceTree = "<group>";
		};
/* End PBXGroup section */

/* Begin PBXNativeTarget section */
		6FF68A15245F5606007C1B84 /* StackOv */ = {
			isa = PBXNativeTarget;
			buildConfigurationList = 6FF68A35245F5607007C1B84 /* Build configuration list for PBXNativeTarget "StackOv" */;
			buildPhases = (
				6FF68A12245F5606007C1B84 /* Sources */,
				6FF68A13245F5606007C1B84 /* Frameworks */,
				6FF68A14245F5606007C1B84 /* Resources */,
			);
			buildRules = (
			);
			dependencies = (
			);
			name = StackOv;
			packageProductDependencies = (
				6F3ACA0B2468337100FDC05C /* RService */,
				6FFF65C82470677200E2AED3 /* Down */,
				6FFF65D0247069F400E2AED3 /* HTMLEntities */,
				6F8FA7812471A7F2002544B9 /* KingfisherSwiftUI */,
			);
			productName = StackOv;
			productReference = 6FF68A16245F5606007C1B84 /* StackOv.app */;
			productType = "com.apple.product-type.application";
		};
		6FF68A2B245F5607007C1B84 /* StackOvTests */ = {
			isa = PBXNativeTarget;
			buildConfigurationList = 6FF68A38245F5607007C1B84 /* Build configuration list for PBXNativeTarget "StackOvTests" */;
			buildPhases = (
				6FF68A28245F5607007C1B84 /* Sources */,
				6FF68A29245F5607007C1B84 /* Frameworks */,
			);
			buildRules = (
			);
			dependencies = (
				6FF68A2E245F5607007C1B84 /* PBXTargetDependency */,
			);
			name = StackOvTests;
			productName = StackOvTests;
			productReference = 6FF68A2C245F5607007C1B84 /* StackOvTests.xctest */;
			productType = "com.apple.product-type.bundle.unit-test";
		};
/* End PBXNativeTarget section */

/* Begin PBXProject section */
		6FF68A0E245F5606007C1B84 /* Project object */ = {
			isa = PBXProject;
			attributes = {
				LastSwiftUpdateCheck = 1140;
				LastUpgradeCheck = 1140;
				ORGANIZATIONNAME = "Ephedra Software";
				TargetAttributes = {
					6FF68A15245F5606007C1B84 = {
						CreatedOnToolsVersion = 11.4.1;
					};
					6FF68A2B245F5607007C1B84 = {
						CreatedOnToolsVersion = 11.4.1;
						TestTargetID = 6FF68A15245F5606007C1B84;
					};
				};
			};
			buildConfigurationList = 6FF68A11245F5606007C1B84 /* Build configuration list for PBXProject "StackOv" */;
			compatibilityVersion = "Xcode 9.3";
			developmentRegion = en;
			hasScannedForEncodings = 0;
			knownRegions = (
				en,
				Base,
			);
			mainGroup = 6FF68A0D245F5606007C1B84;
			packageReferences = (
				6F3ACA0A2468337100FDC05C /* XCRemoteSwiftPackageReference "RService" */,
				6FFF65C72470677200E2AED3 /* XCRemoteSwiftPackageReference "Down" */,
				6FFF65CF247069F400E2AED3 /* XCRemoteSwiftPackageReference "swift-html-entities" */,
				6F8FA7802471A7F2002544B9 /* XCRemoteSwiftPackageReference "Kingfisher" */,
			);
			productRefGroup = 6FF68A17245F5606007C1B84 /* Products */;
			projectDirPath = "";
			projectRoot = "";
			targets = (
				6FF68A15245F5606007C1B84 /* StackOv */,
				6FF68A2B245F5607007C1B84 /* StackOvTests */,
			);
		};
/* End PBXProject section */

/* Begin PBXResourcesBuildPhase section */
		6FF68A14245F5606007C1B84 /* Resources */ = {
			isa = PBXResourcesBuildPhase;
			buildActionMask = 2147483647;
			files = (
				6FF68A26245F5607007C1B84 /* LaunchScreen.storyboard in Resources */,
				6FF68A23245F5607007C1B84 /* Preview Assets.xcassets in Resources */,
				6FF68A20245F5607007C1B84 /* Assets.xcassets in Resources */,
			);
			runOnlyForDeploymentPostprocessing = 0;
		};
/* End PBXResourcesBuildPhase section */

/* Begin PBXSourcesBuildPhase section */
		6FF68A12245F5606007C1B84 /* Sources */ = {
			isa = PBXSourcesBuildPhase;
			buildActionMask = 2147483647;
			files = (
				6FFF65DA2470A1AA00E2AED3 /* Markdown.swift in Sources */,
				6F8FA76E24716B28002544B9 /* BlockQuoteView.swift in Sources */,
				6FE88B212469CEA2001A3D63 /* EdgeInsets.swift in Sources */,
				6F8FA77224717EC3002544B9 /* GlobalBlockView.swift in Sources */,
				6FB9BCCD2479A485003F9025 /* AnswersView.swift in Sources */,
				6F6C836E246403E400138E59 /* TransitionStore.swift in Sources */,
				6FD29C6324805B38001848A4 /* LoadMoreButton.swift in Sources */,
				6FD4886F2462244B0010CFE0 /* UIApplication.swift in Sources */,
				6FFF65D324706B4B00E2AED3 /* MarkdownView.swift in Sources */,
				6F2E653F2468901000EBAE37 /* NavigationBarView.swift in Sources */,
				6FB9BCCF2479A7FE003F9025 /* AnswerDTO.swift in Sources */,
				6FF68A3D245F5687007C1B84 /* QuestionItemView.swift in Sources */,
				6F7C24F824767036003E452A /* SnippetBlockView.swift in Sources */,
				6F8FA76824715585002544B9 /* DocumentView.swift in Sources */,
				6F8FA76A247155EA002544B9 /* MarkdownUnitView.swift in Sources */,
				6F8FA77424717FDB002544B9 /* ListView.swift in Sources */,
				6F2E65432468C51A00EBAE37 /* SearchStore.swift in Sources */,
				6FB9BCCB24798B76003F9025 /* UserDTO.swift in Sources */,
				6F6C83742464293A00138E59 /* HostingController.swift in Sources */,
				6F9F2CF424704A1900C7866C /* QuestionModel.swift in Sources */,
				6F9F2CF224703F4F00C7866C /* QuestionView.swift in Sources */,
				6F3311912469F36F006B9C02 /* LoadingIndicatorView.swift in Sources */,
				6F2A528024842E350040FB4B /* DoubleColumnView.swift in Sources */,
				6FD4886D246222730010CFE0 /* String.swift in Sources */,
				6F331D9F24686A65005C2A81 /* SearchBarView.swift in Sources */,
				6FF68A1A245F5606007C1B84 /* AppDelegate.swift in Sources */,
				6F6C83702464043800138E59 /* UIUserInterfaceIdiom.swift in Sources */,
				6F2A5282248466F30040FB4B /* Int.swift in Sources */,
				6FD488672461DFF90010CFE0 /* PostsDTO.swift in Sources */,
				6F8FA776247181B0002544B9 /* CodeBlockView.swift in Sources */,
				6F6C836A2464034C00138E59 /* Notifications.swift in Sources */,
				6FF68A3F2460410D007C1B84 /* TagView.swift in Sources */,
				6FF68A4B2460C556007C1B84 /* QuestionDTO.swift in Sources */,
				6FF68A1C245F5606007C1B84 /* SceneDelegate.swift in Sources */,
				6F9F2CF024703F3A00C7866C /* QuestionDetailsView.swift in Sources */,
				6FAB317A247494B800CD7C03 /* NSAttributedString.swift in Sources */,
				6F99D20324753BFF00F229F1 /* Lazy.swift in Sources */,
				6FF68A1E245F5606007C1B84 /* MainView.swift in Sources */,
				6F99D20024753B0300F229F1 /* MarkdownTextView.swift in Sources */,
				6FD27107247A8E4D00946EF6 /* AnswerView.swift in Sources */,
				6FA76E352464CBC0004115C1 /* TagModel.swift in Sources */,
				6FA76E322464BE0C004115C1 /* CollectionView.swift in Sources */,
				6F9F2CED24703AE300C7866C /* QuestionStore.swift in Sources */,
				6FB9BCD12479AE6F003F9025 /* AnswersStore.swift in Sources */,
				6FD488602460D6F90010CFE0 /* QuestionItemModel.swift in Sources */,
				6F6C83722464236900138E59 /* UIDeviceOrientation.swift in Sources */,
				6F88C79A248305DB005C7E2D /* SafariView.swift in Sources */,
				6F9F2CF624704E1400C7866C /* EmptyContentView.swift in Sources */,
				6FD488652461D7EB0010CFE0 /* StackoverflowStore.swift in Sources */,
				6FB9BCD32479B3B9003F9025 /* AnswerModel.swift in Sources */,
				6FF68A482460C37B007C1B84 /* StackoverflowService.swift in Sources */,
				6F7C24FE2477DE1F003E452A /* TagsCollectionView.swift in Sources */,
			);
			runOnlyForDeploymentPostprocessing = 0;
		};
		6FF68A28245F5607007C1B84 /* Sources */ = {
			isa = PBXSourcesBuildPhase;
			buildActionMask = 2147483647;
			files = (
				6FF68A31245F5607007C1B84 /* StackOvTests.swift in Sources */,
			);
			runOnlyForDeploymentPostprocessing = 0;
		};
/* End PBXSourcesBuildPhase section */

/* Begin PBXTargetDependency section */
		6FF68A2E245F5607007C1B84 /* PBXTargetDependency */ = {
			isa = PBXTargetDependency;
			target = 6FF68A15245F5606007C1B84 /* StackOv */;
			targetProxy = 6FF68A2D245F5607007C1B84 /* PBXContainerItemProxy */;
		};
/* End PBXTargetDependency section */

/* Begin PBXVariantGroup section */
		6FF68A24245F5607007C1B84 /* LaunchScreen.storyboard */ = {
			isa = PBXVariantGroup;
			children = (
				6FF68A25245F5607007C1B84 /* Base */,
			);
			name = LaunchScreen.storyboard;
			sourceTree = "<group>";
		};
/* End PBXVariantGroup section */

/* Begin XCBuildConfiguration section */
		6F74EC8C24850EB900C5E34D /* Debug */ = {
			isa = XCBuildConfiguration;
			buildSettings = {
				COPY_PHASE_STRIP = NO;
				GCC_DYNAMIC_NO_PIC = NO;
				GCC_OPTIMIZATION_LEVEL = 0;
				PRODUCT_NAME = StackOvTests;
			};
			name = Debug;
		};
		6F74EC8D24850EB900C5E34D /* Release */ = {
			isa = XCBuildConfiguration;
			buildSettings = {
				COPY_PHASE_STRIP = YES;
				DEBUG_INFORMATION_FORMAT = "dwarf-with-dsym";
				PRODUCT_NAME = StackOvTests;
			};
			name = Release;
		};
		6FF68A33245F5607007C1B84 /* Debug */ = {
			isa = XCBuildConfiguration;
			buildSettings = {
				ALWAYS_SEARCH_USER_PATHS = NO;
				ASSETCATALOG_COMPILER_APPICON_NAME = "";
				CLANG_ANALYZER_NONNULL = YES;
				CLANG_ANALYZER_NUMBER_OBJECT_CONVERSION = YES_AGGRESSIVE;
				CLANG_CXX_LANGUAGE_STANDARD = "gnu++14";
				CLANG_CXX_LIBRARY = "libc++";
				CLANG_ENABLE_MODULES = YES;
				CLANG_ENABLE_OBJC_ARC = YES;
				CLANG_ENABLE_OBJC_WEAK = YES;
				CLANG_WARN_BLOCK_CAPTURE_AUTORELEASING = YES;
				CLANG_WARN_BOOL_CONVERSION = YES;
				CLANG_WARN_COMMA = YES;
				CLANG_WARN_CONSTANT_CONVERSION = YES;
				CLANG_WARN_DEPRECATED_OBJC_IMPLEMENTATIONS = YES;
				CLANG_WARN_DIRECT_OBJC_ISA_USAGE = YES_ERROR;
				CLANG_WARN_DOCUMENTATION_COMMENTS = YES;
				CLANG_WARN_EMPTY_BODY = YES;
				CLANG_WARN_ENUM_CONVERSION = YES;
				CLANG_WARN_INFINITE_RECURSION = YES;
				CLANG_WARN_INT_CONVERSION = YES;
				CLANG_WARN_NON_LITERAL_NULL_CONVERSION = YES;
				CLANG_WARN_OBJC_IMPLICIT_RETAIN_SELF = YES;
				CLANG_WARN_OBJC_LITERAL_CONVERSION = YES;
				CLANG_WARN_OBJC_ROOT_CLASS = YES_ERROR;
				CLANG_WARN_RANGE_LOOP_ANALYSIS = YES;
				CLANG_WARN_STRICT_PROTOTYPES = YES;
				CLANG_WARN_SUSPICIOUS_MOVE = YES;
				CLANG_WARN_UNGUARDED_AVAILABILITY = YES_AGGRESSIVE;
				CLANG_WARN_UNREACHABLE_CODE = YES;
				CLANG_WARN__DUPLICATE_METHOD_MATCH = YES;
				COPY_PHASE_STRIP = NO;
				DEBUG_INFORMATION_FORMAT = dwarf;
				DEVELOPMENT_ASSET_PATHS = "";
				ENABLE_STRICT_OBJC_MSGSEND = YES;
				ENABLE_TESTABILITY = YES;
				GCC_C_LANGUAGE_STANDARD = gnu11;
				GCC_DYNAMIC_NO_PIC = NO;
				GCC_NO_COMMON_BLOCKS = YES;
				GCC_OPTIMIZATION_LEVEL = 0;
				GCC_PREPROCESSOR_DEFINITIONS = (
					"DEBUG=1",
					"$(inherited)",
				);
				GCC_WARN_64_TO_32_BIT_CONVERSION = YES;
				GCC_WARN_ABOUT_RETURN_TYPE = YES_ERROR;
				GCC_WARN_UNDECLARED_SELECTOR = YES;
				GCC_WARN_UNINITIALIZED_AUTOS = YES_AGGRESSIVE;
				GCC_WARN_UNUSED_FUNCTION = YES;
				GCC_WARN_UNUSED_VARIABLE = YES;
				IPHONEOS_DEPLOYMENT_TARGET = 13.0;
				MTL_ENABLE_DEBUG_INFO = INCLUDE_SOURCE;
				MTL_FAST_MATH = YES;
				ONLY_ACTIVE_ARCH = YES;
				SDKROOT = iphoneos;
				SWIFT_ACTIVE_COMPILATION_CONDITIONS = DEBUG;
				SWIFT_OPTIMIZATION_LEVEL = "-Onone";
			};
			name = Debug;
		};
		6FF68A34245F5607007C1B84 /* Release */ = {
			isa = XCBuildConfiguration;
			buildSettings = {
				ALWAYS_SEARCH_USER_PATHS = NO;
				ASSETCATALOG_COMPILER_APPICON_NAME = "";
				CLANG_ANALYZER_NONNULL = YES;
				CLANG_ANALYZER_NUMBER_OBJECT_CONVERSION = YES_AGGRESSIVE;
				CLANG_CXX_LANGUAGE_STANDARD = "gnu++14";
				CLANG_CXX_LIBRARY = "libc++";
				CLANG_ENABLE_MODULES = YES;
				CLANG_ENABLE_OBJC_ARC = YES;
				CLANG_ENABLE_OBJC_WEAK = YES;
				CLANG_WARN_BLOCK_CAPTURE_AUTORELEASING = YES;
				CLANG_WARN_BOOL_CONVERSION = YES;
				CLANG_WARN_COMMA = YES;
				CLANG_WARN_CONSTANT_CONVERSION = YES;
				CLANG_WARN_DEPRECATED_OBJC_IMPLEMENTATIONS = YES;
				CLANG_WARN_DIRECT_OBJC_ISA_USAGE = YES_ERROR;
				CLANG_WARN_DOCUMENTATION_COMMENTS = YES;
				CLANG_WARN_EMPTY_BODY = YES;
				CLANG_WARN_ENUM_CONVERSION = YES;
				CLANG_WARN_INFINITE_RECURSION = YES;
				CLANG_WARN_INT_CONVERSION = YES;
				CLANG_WARN_NON_LITERAL_NULL_CONVERSION = YES;
				CLANG_WARN_OBJC_IMPLICIT_RETAIN_SELF = YES;
				CLANG_WARN_OBJC_LITERAL_CONVERSION = YES;
				CLANG_WARN_OBJC_ROOT_CLASS = YES_ERROR;
				CLANG_WARN_RANGE_LOOP_ANALYSIS = YES;
				CLANG_WARN_STRICT_PROTOTYPES = YES;
				CLANG_WARN_SUSPICIOUS_MOVE = YES;
				CLANG_WARN_UNGUARDED_AVAILABILITY = YES_AGGRESSIVE;
				CLANG_WARN_UNREACHABLE_CODE = YES;
				CLANG_WARN__DUPLICATE_METHOD_MATCH = YES;
				COPY_PHASE_STRIP = NO;
				DEBUG_INFORMATION_FORMAT = "dwarf-with-dsym";
				DEVELOPMENT_ASSET_PATHS = "";
				ENABLE_NS_ASSERTIONS = NO;
				ENABLE_STRICT_OBJC_MSGSEND = YES;
				GCC_C_LANGUAGE_STANDARD = gnu11;
				GCC_NO_COMMON_BLOCKS = YES;
				GCC_WARN_64_TO_32_BIT_CONVERSION = YES;
				GCC_WARN_ABOUT_RETURN_TYPE = YES_ERROR;
				GCC_WARN_UNDECLARED_SELECTOR = YES;
				GCC_WARN_UNINITIALIZED_AUTOS = YES_AGGRESSIVE;
				GCC_WARN_UNUSED_FUNCTION = YES;
				GCC_WARN_UNUSED_VARIABLE = YES;
				IPHONEOS_DEPLOYMENT_TARGET = 13.0;
				MTL_ENABLE_DEBUG_INFO = NO;
				MTL_FAST_MATH = YES;
				SDKROOT = iphoneos;
				SWIFT_COMPILATION_MODE = wholemodule;
				SWIFT_OPTIMIZATION_LEVEL = "-O";
				VALIDATE_PRODUCT = YES;
			};
			name = Release;
		};
		6FF68A36245F5607007C1B84 /* Debug */ = {
			isa = XCBuildConfiguration;
			buildSettings = {
				ASSETCATALOG_COMPILER_APPICON_NAME = AppIcon;
				CODE_SIGN_ENTITLEMENTS = StackOv/Application/StackOv.entitlements;
				CODE_SIGN_STYLE = Automatic;
				CURRENT_PROJECT_VERSION = 1;
				DEVELOPMENT_ASSET_PATHS = "";
				DEVELOPMENT_TEAM = S8BXS2P4Z9;
				ENABLE_PREVIEWS = YES;
				INFOPLIST_FILE = "$(SRCROOT)/StackOv/Application/Info.plist";
				IPHONEOS_DEPLOYMENT_TARGET = 13.0;
				LD_RUNPATH_SEARCH_PATHS = (
					"$(inherited)",
					"@executable_path/Frameworks",
				);
				MARKETING_VERSION = 0.0.3;
				PRODUCT_BUNDLE_IDENTIFIER = "com.ephedra-software.StackOv";
				PRODUCT_NAME = StackOv;
				SUPPORTS_MACCATALYST = YES;
				SWIFT_VERSION = 5.0;
				TARGETED_DEVICE_FAMILY = "1,2";
			};
			name = Debug;
		};
		6FF68A37245F5607007C1B84 /* Release */ = {
			isa = XCBuildConfiguration;
			buildSettings = {
				ASSETCATALOG_COMPILER_APPICON_NAME = AppIcon;
				CODE_SIGN_ENTITLEMENTS = StackOv/Application/StackOv.entitlements;
				CODE_SIGN_STYLE = Automatic;
				CURRENT_PROJECT_VERSION = 1;
				DEVELOPMENT_ASSET_PATHS = "";
				DEVELOPMENT_TEAM = S8BXS2P4Z9;
				ENABLE_PREVIEWS = YES;
				INFOPLIST_FILE = "$(SRCROOT)/StackOv/Application/Info.plist";
				IPHONEOS_DEPLOYMENT_TARGET = 13.0;
				LD_RUNPATH_SEARCH_PATHS = (
					"$(inherited)",
					"@executable_path/Frameworks",
				);
				MARKETING_VERSION = 0.0.3;
				PRODUCT_BUNDLE_IDENTIFIER = "com.ephedra-software.StackOv";
				PRODUCT_NAME = StackOv;
				SUPPORTS_MACCATALYST = YES;
				SWIFT_VERSION = 5.0;
				TARGETED_DEVICE_FAMILY = "1,2";
			};
			name = Release;
		};
/* End XCBuildConfiguration section */

/* Begin XCConfigurationList section */
		6FF68A11245F5606007C1B84 /* Build configuration list for PBXProject "StackOv" */ = {
			isa = XCConfigurationList;
			buildConfigurations = (
				6FF68A33245F5607007C1B84 /* Debug */,
				6FF68A34245F5607007C1B84 /* Release */,
			);
			defaultConfigurationIsVisible = 0;
			defaultConfigurationName = Release;
		};
		6FF68A35245F5607007C1B84 /* Build configuration list for PBXNativeTarget "StackOv" */ = {
			isa = XCConfigurationList;
			buildConfigurations = (
				6FF68A36245F5607007C1B84 /* Debug */,
				6FF68A37245F5607007C1B84 /* Release */,
			);
			defaultConfigurationIsVisible = 0;
			defaultConfigurationName = Release;
		};
		6FF68A38245F5607007C1B84 /* Build configuration list for PBXNativeTarget "StackOvTests" */ = {
			isa = XCConfigurationList;
			buildConfigurations = (
				6F74EC8C24850EB900C5E34D /* Debug */,
				6F74EC8D24850EB900C5E34D /* Release */,
			);
			defaultConfigurationIsVisible = 0;
			defaultConfigurationName = Release;
		};
/* End XCConfigurationList section */

/* Begin XCRemoteSwiftPackageReference section */
		6F3ACA0A2468337100FDC05C /* XCRemoteSwiftPackageReference "RService" */ = {
			isa = XCRemoteSwiftPackageReference;
			repositoryURL = "https://github.com/ephedra-software/RService.git";
			requirement = {
				kind = upToNextMajorVersion;
				minimumVersion = 0.0.1;
			};
		};
		6F8FA7802471A7F2002544B9 /* XCRemoteSwiftPackageReference "Kingfisher" */ = {
			isa = XCRemoteSwiftPackageReference;
			repositoryURL = "https://github.com/onevcat/Kingfisher.git";
			requirement = {
				kind = upToNextMajorVersion;
				minimumVersion = 5.14.0;
			};
		};
		6FFF65C72470677200E2AED3 /* XCRemoteSwiftPackageReference "Down" */ = {
			isa = XCRemoteSwiftPackageReference;
			repositoryURL = "https://github.com/iwasrobbed/Down";
			requirement = {
				kind = upToNextMajorVersion;
				minimumVersion = 0.9.2;
			};
		};
		6FFF65CF247069F400E2AED3 /* XCRemoteSwiftPackageReference "swift-html-entities" */ = {
			isa = XCRemoteSwiftPackageReference;
			repositoryURL = "https://github.com/IBM-Swift/swift-html-entities.git";
			requirement = {
				kind = upToNextMajorVersion;
				minimumVersion = 3.0.14;
			};
		};
/* End XCRemoteSwiftPackageReference section */

/* Begin XCSwiftPackageProductDependency section */
		6F3ACA0B2468337100FDC05C /* RService */ = {
			isa = XCSwiftPackageProductDependency;
			package = 6F3ACA0A2468337100FDC05C /* XCRemoteSwiftPackageReference "RService" */;
			productName = RService;
		};
		6F8FA7812471A7F2002544B9 /* KingfisherSwiftUI */ = {
			isa = XCSwiftPackageProductDependency;
			package = 6F8FA7802471A7F2002544B9 /* XCRemoteSwiftPackageReference "Kingfisher" */;
			productName = KingfisherSwiftUI;
		};
		6FFF65C82470677200E2AED3 /* Down */ = {
			isa = XCSwiftPackageProductDependency;
			package = 6FFF65C72470677200E2AED3 /* XCRemoteSwiftPackageReference "Down" */;
			productName = Down;
		};
		6FFF65D0247069F400E2AED3 /* HTMLEntities */ = {
			isa = XCSwiftPackageProductDependency;
			package = 6FFF65CF247069F400E2AED3 /* XCRemoteSwiftPackageReference "swift-html-entities" */;
			productName = HTMLEntities;
		};
/* End XCSwiftPackageProductDependency section */
	};
	rootObject = 6FF68A0E245F5606007C1B84 /* Project object */;
}
