// !$*UTF8*$!
{
	archiveVersion = 1;
	classes = {
	};
	objectVersion = 52;
	objects = {

/* Begin PBXBuildFile section */
		6F7542DB25F50EA00099A297 /* MainFlow in Frameworks */ = {isa = PBXBuildFile; productRef = 6F7542DA25F50EA00099A297 /* MainFlow */; };
		6F96F26725854E54009E7DED /* GoogleService-Info.plist in Resources */ = {isa = PBXBuildFile; fileRef = 6F96F26625854E54009E7DED /* GoogleService-Info.plist */; };
		6FCC9B4925237C5500BDD827 /* StackOv.xcdatamodeld in Sources */ = {isa = PBXBuildFile; fileRef = 6FCC9B1D25237C5300BDD827 /* StackOv.xcdatamodeld */; };
		6FCC9B4B25237C5500BDD827 /* StackOvApp.swift in Sources */ = {isa = PBXBuildFile; fileRef = 6FCC9B1F25237C5300BDD827 /* StackOvApp.swift */; };
		6FCC9B5125237C5500BDD827 /* Assets.xcassets in Resources */ = {isa = PBXBuildFile; fileRef = 6FCC9B2225237C5500BDD827 /* Assets.xcassets */; };
/* End PBXBuildFile section */

/* Begin PBXFileReference section */
		31FEEC9F2614CAB700D08F7B /* ThreadStore */ = {isa = PBXFileReference; lastKnownFileType = folder; path = ThreadStore; sourceTree = "<group>"; };
		31FEECA42614D5C100D08F7B /* ThreadFlow */ = {isa = PBXFileReference; lastKnownFileType = folder; path = ThreadFlow; sourceTree = "<group>"; };
		31C1A4AE260C938400B0D665 /* Errors */ = {isa = PBXFileReference; lastKnownFileType = folder; path = Errors; sourceTree = "<group>"; };
		31D7FD4A260CE8C70096879D /* SidebarStore */ = {isa = PBXFileReference; lastKnownFileType = folder; path = SidebarStore; sourceTree = "<group>"; };
		6F2E47FA2524A8460080F778 /* Palette */ = {isa = PBXFileReference; lastKnownFileType = folder; path = Palette; sourceTree = "<group>"; };
		6F3415C52525E6430077F65A /* StackOv.entitlements */ = {isa = PBXFileReference; lastKnownFileType = text.plist.entitlements; path = StackOv.entitlements; sourceTree = "<group>"; };
		6F4AC2DE25BC3FF3002D0D86 /* Markdown */ = {isa = PBXFileReference; lastKnownFileType = folder; path = Markdown; sourceTree = "<group>"; };
		6F61730025D7F76F0011AB44 /* Icons */ = {isa = PBXFileReference; lastKnownFileType = folder; path = Icons; sourceTree = "<group>"; };
		6F7542D625F509250099A297 /* MainFlow */ = {isa = PBXFileReference; lastKnownFileType = folder; path = MainFlow; sourceTree = "<group>"; };
		6F780A97261B5F0100C8C0E4 /* GlobalBannerStore */ = {isa = PBXFileReference; lastKnownFileType = folder; path = GlobalBannerStore; sourceTree = "<group>"; };
		6F96F26625854E54009E7DED /* GoogleService-Info.plist */ = {isa = PBXFileReference; fileEncoding = 4; lastKnownFileType = text.plist.xml; path = "GoogleService-Info.plist"; sourceTree = "<group>"; };
		6FB8E3FC25B01E7C00E25240 /* PageStore */ = {isa = PBXFileReference; lastKnownFileType = folder; path = PageStore; sourceTree = "<group>"; };
		6FC0280A252CB0E7002150F5 /* Common */ = {isa = PBXFileReference; lastKnownFileType = folder; path = Common; sourceTree = "<group>"; };
		6FC02868252EE9E9002150F5 /* HomeFlow */ = {isa = PBXFileReference; lastKnownFileType = folder; path = HomeFlow; sourceTree = "<group>"; };
		6FC0287B252F0630002150F5 /* FavoriteFlow */ = {isa = PBXFileReference; lastKnownFileType = folder; path = FavoriteFlow; sourceTree = "<group>"; };
		6FC0288A252F0765002150F5 /* MessagesFlow */ = {isa = PBXFileReference; lastKnownFileType = folder; path = MessagesFlow; sourceTree = "<group>"; };
		6FC02899252F08C1002150F5 /* TagsFlow */ = {isa = PBXFileReference; lastKnownFileType = folder; path = TagsFlow; sourceTree = "<group>"; };
		6FC028A4252F0962002150F5 /* UsersFlow */ = {isa = PBXFileReference; lastKnownFileType = folder; path = UsersFlow; sourceTree = "<group>"; };
		6FC21BAC25929B93003387CE /* AppScript */ = {isa = PBXFileReference; lastKnownFileType = folder; path = AppScript; sourceTree = "<group>"; };
		6FCC9B1E25237C5300BDD827 /* Shared.xcdatamodel */ = {isa = PBXFileReference; lastKnownFileType = wrapper.xcdatamodel; path = Shared.xcdatamodel; sourceTree = "<group>"; };
		6FCC9B1F25237C5300BDD827 /* StackOvApp.swift */ = {isa = PBXFileReference; lastKnownFileType = sourcecode.swift; path = StackOvApp.swift; sourceTree = "<group>"; };
		6FCC9B2225237C5500BDD827 /* Assets.xcassets */ = {isa = PBXFileReference; lastKnownFileType = folder.assetcatalog; path = Assets.xcassets; sourceTree = "<group>"; };
		6FCC9B2725237C5500BDD827 /* StackOv.app */ = {isa = PBXFileReference; explicitFileType = wrapper.application; includeInIndex = 0; path = StackOv.app; sourceTree = BUILT_PRODUCTS_DIR; };
		6FCC9B2A25237C5500BDD827 /* Info.plist */ = {isa = PBXFileReference; lastKnownFileType = text.plist.xml; path = Info.plist; sourceTree = "<group>"; };
		6FEDA8CB25AF62F4008B3A25 /* DataTransferObjects */ = {isa = PBXFileReference; lastKnownFileType = folder; path = DataTransferObjects; sourceTree = "<group>"; };
		6FEDA8EF25AF7D8B008B3A25 /* StackexchangeNetworkService */ = {isa = PBXFileReference; lastKnownFileType = folder; path = StackexchangeNetworkService; sourceTree = "<group>"; };
		6FF33D382530917E00C316D7 /* Components */ = {isa = PBXFileReference; lastKnownFileType = folder; path = Components; sourceTree = "<group>"; };
		6FF362BE25324920009F9908 /* Network */ = {isa = PBXFileReference; lastKnownFileType = folder; path = Network; sourceTree = "<group>"; };
		CE2FF97E26090CCD00FDA68D /* FavoriteStore */ = {isa = PBXFileReference; lastKnownFileType = folder; path = FavoriteStore; sourceTree = "<group>"; };
		CE9E15A325C722FA003D8E93 /* FilterStore */ = {isa = PBXFileReference; lastKnownFileType = folder; path = FilterStore; sourceTree = "<group>"; };
/* End PBXFileReference section */

/* Begin PBXFrameworksBuildPhase section */
		6FCC9B2425237C5500BDD827 /* Frameworks */ = {
			isa = PBXFrameworksBuildPhase;
			buildActionMask = 2147483647;
			files = (
				6F7542DB25F50EA00099A297 /* MainFlow in Frameworks */,
			);
			runOnlyForDeploymentPostprocessing = 0;
		};
/* End PBXFrameworksBuildPhase section */

/* Begin PBXGroup section */
		6F2E47F92524A7F50080F778 /* Modules */ = {
			isa = PBXGroup;
			children = (
				31C1A4AE260C938400B0D665 /* Errors */,
				6F61730025D7F76F0011AB44 /* Icons */,
				6F4AC2DE25BC3FF3002D0D86 /* Markdown */,
				6FEDA8CB25AF62F4008B3A25 /* DataTransferObjects */,
				6FC21BAC25929B93003387CE /* AppScript */,
				6FC0280A252CB0E7002150F5 /* Common */,
				6FF362BE25324920009F9908 /* Network */,
				6F2E47FA2524A8460080F778 /* Palette */,
				6FF33D382530917E00C316D7 /* Components */,
			);
			name = Modules;
			sourceTree = "<group>";
		};
		6F876D192525EF68008FC888 /* Frameworks */ = {
			isa = PBXGroup;
			children = (
			);
			name = Frameworks;
			sourceTree = "<group>";
		};
		6FAA728F253357740068F85F /* Stores */ = {
			isa = PBXGroup;
			children = (
				31FEEC9F2614CAB700D08F7B /* ThreadStore */,
				31D7FD4A260CE8C70096879D /* SidebarStore */,
				CE2FF97E26090CCD00FDA68D /* FavoriteStore */,
				6F780A97261B5F0100C8C0E4 /* GlobalBannerStore */,
				CE9E15A325C722FA003D8E93 /* FilterStore */,
				6FB8E3FC25B01E7C00E25240 /* PageStore */,
			);
			path = Stores;
			sourceTree = "<group>";
		};
		6FC027D4252C395A002150F5 /* Flows */ = {
			isa = PBXGroup;
			children = (
				31FEECA42614D5C100D08F7B /* ThreadFlow */,
				6F7542D625F509250099A297 /* MainFlow */,
				6FC02868252EE9E9002150F5 /* HomeFlow */,
				6FC0287B252F0630002150F5 /* FavoriteFlow */,
				6FC0288A252F0765002150F5 /* MessagesFlow */,
				6FC02899252F08C1002150F5 /* TagsFlow */,
				6FC028A4252F0962002150F5 /* UsersFlow */,
			);
			path = Flows;
			sourceTree = "<group>";
		};
		6FCC9B1725237C5300BDD827 = {
			isa = PBXGroup;
			children = (
				6FD295E0258990480012BFEE /* Application */,
				6F2E47F92524A7F50080F778 /* Modules */,
				6FF362C72532568D009F9908 /* Services */,
				6FAA728F253357740068F85F /* Stores */,
				6FC027D4252C395A002150F5 /* Flows */,
				6FCC9B1C25237C5300BDD827 /* Shared */,
				6FCC9B2825237C5500BDD827 /* Products */,
				6F876D192525EF68008FC888 /* Frameworks */,
			);
			sourceTree = "<group>";
		};
		6FCC9B1C25237C5300BDD827 /* Shared */ = {
			isa = PBXGroup;
			children = (
				6FCC9B1F25237C5300BDD827 /* StackOvApp.swift */,
			);
			path = Shared;
			sourceTree = "<group>";
		};
		6FCC9B2825237C5500BDD827 /* Products */ = {
			isa = PBXGroup;
			children = (
				6FCC9B2725237C5500BDD827 /* StackOv.app */,
			);
			name = Products;
			sourceTree = "<group>";
		};
		6FD295E0258990480012BFEE /* Application */ = {
			isa = PBXGroup;
			children = (
				6FCC9B2225237C5500BDD827 /* Assets.xcassets */,
				6F3415C52525E6430077F65A /* StackOv.entitlements */,
				6FCC9B1D25237C5300BDD827 /* StackOv.xcdatamodeld */,
				6FCC9B2A25237C5500BDD827 /* Info.plist */,
				6F96F26625854E54009E7DED /* GoogleService-Info.plist */,
			);
			path = Application;
			sourceTree = "<group>";
		};
		6FF362C72532568D009F9908 /* Services */ = {
			isa = PBXGroup;
			children = (
				6FEDA8EF25AF7D8B008B3A25 /* StackexchangeNetworkService */,
			);
			path = Services;
			sourceTree = "<group>";
		};
/* End PBXGroup section */

/* Begin PBXNativeTarget section */
		6FCC9B2625237C5500BDD827 /* StackOv (iOS) */ = {
			isa = PBXNativeTarget;
			buildConfigurationList = 6FCC9B5525237C5500BDD827 /* Build configuration list for PBXNativeTarget "StackOv (iOS)" */;
			buildPhases = (
				6FCC9B2325237C5500BDD827 /* Sources */,
				6FCC9B2425237C5500BDD827 /* Frameworks */,
				6FCC9B2525237C5500BDD827 /* Resources */,
				6F1E417C258561AA00C5FAC7 /* Crashlytics */,
			);
			buildRules = (
			);
			dependencies = (
			);
			name = "StackOv (iOS)";
			packageProductDependencies = (
				6F7542DA25F50EA00099A297 /* MainFlow */,
			);
			productName = "StackOv (iOS)";
			productReference = 6FCC9B2725237C5500BDD827 /* StackOv.app */;
			productType = "com.apple.product-type.application";
		};
/* End PBXNativeTarget section */

/* Begin PBXProject section */
		6FCC9B1825237C5300BDD827 /* Project object */ = {
			isa = PBXProject;
			attributes = {
				LastSwiftUpdateCheck = 1220;
				LastUpgradeCheck = 1220;
				TargetAttributes = {
					6FCC9B2625237C5500BDD827 = {
						CreatedOnToolsVersion = 12.2;
					};
				};
			};
			buildConfigurationList = 6FCC9B1B25237C5300BDD827 /* Build configuration list for PBXProject "StackOv" */;
			compatibilityVersion = "Xcode 9.3";
			developmentRegion = en;
			hasScannedForEncodings = 0;
			knownRegions = (
				en,
				Base,
			);
			mainGroup = 6FCC9B1725237C5300BDD827;
			packageReferences = (
			);
			productRefGroup = 6FCC9B2825237C5500BDD827 /* Products */;
			projectDirPath = "";
			projectRoot = "";
			targets = (
				6FCC9B2625237C5500BDD827 /* StackOv (iOS) */,
			);
		};
/* End PBXProject section */

/* Begin PBXResourcesBuildPhase section */
		6FCC9B2525237C5500BDD827 /* Resources */ = {
			isa = PBXResourcesBuildPhase;
			buildActionMask = 2147483647;
			files = (
				6FCC9B5125237C5500BDD827 /* Assets.xcassets in Resources */,
				6F96F26725854E54009E7DED /* GoogleService-Info.plist in Resources */,
			);
			runOnlyForDeploymentPostprocessing = 0;
		};
/* End PBXResourcesBuildPhase section */

/* Begin PBXShellScriptBuildPhase section */
		6F1E417C258561AA00C5FAC7 /* Crashlytics */ = {
			isa = PBXShellScriptBuildPhase;
			buildActionMask = 2147483647;
			files = (
			);
			inputFileListPaths = (
			);
			inputPaths = (
			);
			name = Crashlytics;
			outputFileListPaths = (
			);
			outputPaths = (
			);
			runOnlyForDeploymentPostprocessing = 0;
			shellPath = /bin/sh;
			shellScript = "if [[ -z $FIREBASE_DISABLED ]]; then\n  \"${BUILD_DIR%Build/*}SourcePackages/checkouts/firebase-ios-sdk/Crashlytics/run\"\nfi\n";
		};
/* End PBXShellScriptBuildPhase section */

/* Begin PBXSourcesBuildPhase section */
		6FCC9B2325237C5500BDD827 /* Sources */ = {
			isa = PBXSourcesBuildPhase;
			buildActionMask = 2147483647;
			files = (
				6FCC9B4925237C5500BDD827 /* StackOv.xcdatamodeld in Sources */,
				6FCC9B4B25237C5500BDD827 /* StackOvApp.swift in Sources */,
			);
			runOnlyForDeploymentPostprocessing = 0;
		};
/* End PBXSourcesBuildPhase section */

/* Begin XCBuildConfiguration section */
		6FCC9B5325237C5500BDD827 /* Debug */ = {
			isa = XCBuildConfiguration;
			buildSettings = {
				ALWAYS_SEARCH_USER_PATHS = NO;
				CLANG_ANALYZER_NONNULL = YES;
				CLANG_ANALYZER_NUMBER_OBJECT_CONVERSION = YES_AGGRESSIVE;
				CLANG_CXX_LANGUAGE_STANDARD = "gnu++14";
				CLANG_CXX_LIBRARY = "libc++";
				CLANG_ENABLE_MODULES = YES;
				CLANG_ENABLE_OBJC_ARC = YES;
				CLANG_ENABLE_OBJC_WEAK = YES;
				CLANG_WARN_BLOCK_CAPTURE_AUTORELEASING = YES;
				CLANG_WARN_BOOL_CONVERSION = YES;
				CLANG_WARN_COMMA = YES;
				CLANG_WARN_CONSTANT_CONVERSION = YES;
				CLANG_WARN_DEPRECATED_OBJC_IMPLEMENTATIONS = YES;
				CLANG_WARN_DIRECT_OBJC_ISA_USAGE = YES_ERROR;
				CLANG_WARN_DOCUMENTATION_COMMENTS = YES;
				CLANG_WARN_EMPTY_BODY = YES;
				CLANG_WARN_ENUM_CONVERSION = YES;
				CLANG_WARN_INFINITE_RECURSION = YES;
				CLANG_WARN_INT_CONVERSION = YES;
				CLANG_WARN_NON_LITERAL_NULL_CONVERSION = YES;
				CLANG_WARN_OBJC_IMPLICIT_RETAIN_SELF = YES;
				CLANG_WARN_OBJC_LITERAL_CONVERSION = YES;
				CLANG_WARN_OBJC_ROOT_CLASS = YES_ERROR;
				CLANG_WARN_QUOTED_INCLUDE_IN_FRAMEWORK_HEADER = YES;
				CLANG_WARN_RANGE_LOOP_ANALYSIS = YES;
				CLANG_WARN_STRICT_PROTOTYPES = YES;
				CLANG_WARN_SUSPICIOUS_MOVE = YES;
				CLANG_WARN_UNGUARDED_AVAILABILITY = YES_AGGRESSIVE;
				CLANG_WARN_UNREACHABLE_CODE = YES;
				CLANG_WARN__DUPLICATE_METHOD_MATCH = YES;
				COPY_PHASE_STRIP = NO;
				DEBUG_INFORMATION_FORMAT = dwarf;
				ENABLE_STRICT_OBJC_MSGSEND = YES;
				ENABLE_TESTABILITY = YES;
				GCC_C_LANGUAGE_STANDARD = gnu11;
				GCC_DYNAMIC_NO_PIC = NO;
				GCC_NO_COMMON_BLOCKS = YES;
				GCC_OPTIMIZATION_LEVEL = 0;
				GCC_PREPROCESSOR_DEFINITIONS = (
					"DEBUG=1",
					"$(inherited)",
				);
				GCC_WARN_64_TO_32_BIT_CONVERSION = YES;
				GCC_WARN_ABOUT_RETURN_TYPE = YES_ERROR;
				GCC_WARN_UNDECLARED_SELECTOR = YES;
				GCC_WARN_UNINITIALIZED_AUTOS = YES_AGGRESSIVE;
				GCC_WARN_UNUSED_FUNCTION = YES;
				GCC_WARN_UNUSED_VARIABLE = YES;
				INFOPLIST_FILE = "${SRCROOT}/Application/Info.plist";
				INFOPLIST_PREFIX_HEADER = "";
				MTL_ENABLE_DEBUG_INFO = INCLUDE_SOURCE;
				MTL_FAST_MATH = YES;
				ONLY_ACTIVE_ARCH = YES;
				PRODUCT_NAME = StackOv;
				SUPPORTED_PLATFORMS = "iphonesimulator iphoneos macosx";
				SWIFT_ACTIVE_COMPILATION_CONDITIONS = DEBUG;
				SWIFT_OPTIMIZATION_LEVEL = "-Onone";
			};
			name = Debug;
		};
		6FCC9B5425237C5500BDD827 /* Release */ = {
			isa = XCBuildConfiguration;
			buildSettings = {
				ALWAYS_SEARCH_USER_PATHS = NO;
				CLANG_ANALYZER_NONNULL = YES;
				CLANG_ANALYZER_NUMBER_OBJECT_CONVERSION = YES_AGGRESSIVE;
				CLANG_CXX_LANGUAGE_STANDARD = "gnu++14";
				CLANG_CXX_LIBRARY = "libc++";
				CLANG_ENABLE_MODULES = YES;
				CLANG_ENABLE_OBJC_ARC = YES;
				CLANG_ENABLE_OBJC_WEAK = YES;
				CLANG_WARN_BLOCK_CAPTURE_AUTORELEASING = YES;
				CLANG_WARN_BOOL_CONVERSION = YES;
				CLANG_WARN_COMMA = YES;
				CLANG_WARN_CONSTANT_CONVERSION = YES;
				CLANG_WARN_DEPRECATED_OBJC_IMPLEMENTATIONS = YES;
				CLANG_WARN_DIRECT_OBJC_ISA_USAGE = YES_ERROR;
				CLANG_WARN_DOCUMENTATION_COMMENTS = YES;
				CLANG_WARN_EMPTY_BODY = YES;
				CLANG_WARN_ENUM_CONVERSION = YES;
				CLANG_WARN_INFINITE_RECURSION = YES;
				CLANG_WARN_INT_CONVERSION = YES;
				CLANG_WARN_NON_LITERAL_NULL_CONVERSION = YES;
				CLANG_WARN_OBJC_IMPLICIT_RETAIN_SELF = YES;
				CLANG_WARN_OBJC_LITERAL_CONVERSION = YES;
				CLANG_WARN_OBJC_ROOT_CLASS = YES_ERROR;
				CLANG_WARN_QUOTED_INCLUDE_IN_FRAMEWORK_HEADER = YES;
				CLANG_WARN_RANGE_LOOP_ANALYSIS = YES;
				CLANG_WARN_STRICT_PROTOTYPES = YES;
				CLANG_WARN_SUSPICIOUS_MOVE = YES;
				CLANG_WARN_UNGUARDED_AVAILABILITY = YES_AGGRESSIVE;
				CLANG_WARN_UNREACHABLE_CODE = YES;
				CLANG_WARN__DUPLICATE_METHOD_MATCH = YES;
				COPY_PHASE_STRIP = NO;
				DEBUG_INFORMATION_FORMAT = "dwarf-with-dsym";
				ENABLE_NS_ASSERTIONS = NO;
				ENABLE_STRICT_OBJC_MSGSEND = YES;
				GCC_C_LANGUAGE_STANDARD = gnu11;
				GCC_NO_COMMON_BLOCKS = YES;
				GCC_WARN_64_TO_32_BIT_CONVERSION = YES;
				GCC_WARN_ABOUT_RETURN_TYPE = YES_ERROR;
				GCC_WARN_UNDECLARED_SELECTOR = YES;
				GCC_WARN_UNINITIALIZED_AUTOS = YES_AGGRESSIVE;
				GCC_WARN_UNUSED_FUNCTION = YES;
				GCC_WARN_UNUSED_VARIABLE = YES;
				INFOPLIST_FILE = "${SRCROOT}/Application/Info.plist";
				INFOPLIST_PREFIX_HEADER = "";
				MTL_ENABLE_DEBUG_INFO = NO;
				MTL_FAST_MATH = YES;
				PRODUCT_NAME = StackOv;
				SUPPORTED_PLATFORMS = "iphonesimulator iphoneos macosx";
				SWIFT_COMPILATION_MODE = wholemodule;
				SWIFT_OPTIMIZATION_LEVEL = "-O";
			};
			name = Release;
		};
		6FCC9B5625237C5500BDD827 /* Debug */ = {
			isa = XCBuildConfiguration;
			buildSettings = {
				ARCHS = "$(ARCHS_STANDARD)";
				ASSETCATALOG_COMPILER_APPICON_NAME = AppIcon;
				ASSETCATALOG_COMPILER_GLOBAL_ACCENT_COLOR_NAME = AccentColor;
				CODE_SIGN_ENTITLEMENTS = "${SRCROOT}/Application/StackOv.entitlements";
				CODE_SIGN_IDENTITY = "iPhone Developer";
				"CODE_SIGN_IDENTITY[sdk=macosx*]" = "Apple Development";
				CODE_SIGN_STYLE = Manual;
				CURRENT_PROJECT_VERSION = 5;
				DEVELOPMENT_TEAM = S8BXS2P4Z9;
				ENABLE_PREVIEWS = YES;
				GCC_INCREASE_PRECOMPILED_HEADER_SHARING = NO;
				INFOPLIST_FILE = "${SRCROOT}/Application/Info.plist";
				INFOPLIST_PREFIX_HEADER = "";
				INFOPLIST_PREPROCESS = NO;
				IPHONEOS_DEPLOYMENT_TARGET = 14.0;
				LD_RUNPATH_SEARCH_PATHS = (
					"$(inherited)",
					"@executable_path/Frameworks",
				);
				MARKETING_VERSION = 0.0.4;
				ONLY_ACTIVE_ARCH = YES;
				OTHER_LDFLAGS = "-ObjC";
				PRODUCT_BUNDLE_IDENTIFIER = "com.ephedra-software.StackOv";
				PRODUCT_NAME = StackOv;
				PROVISIONING_PROFILE_SPECIFIER = StackOvDevProfile;
				"PROVISIONING_PROFILE_SPECIFIER[sdk=macosx*]" = StackOvDevMacOSProfile;
				SDKROOT = iphoneos;
				SUPPORTED_PLATFORMS = "macosx iphonesimulator iphoneos";
				SUPPORTS_MACCATALYST = YES;
				SWIFT_VERSION = 5.0;
				TARGETED_DEVICE_FAMILY = "1,2";
			};
			name = Debug;
		};
		6FCC9B5725237C5500BDD827 /* Release */ = {
			isa = XCBuildConfiguration;
			buildSettings = {
				ARCHS = "$(ARCHS_STANDARD)";
				ASSETCATALOG_COMPILER_APPICON_NAME = AppIcon;
				ASSETCATALOG_COMPILER_GLOBAL_ACCENT_COLOR_NAME = AccentColor;
				CODE_SIGN_ENTITLEMENTS = "${SRCROOT}/Application/StackOv.entitlements";
				CODE_SIGN_IDENTITY = "iPhone Developer";
				"CODE_SIGN_IDENTITY[sdk=macosx*]" = "Apple Development";
				CODE_SIGN_STYLE = Manual;
				CURRENT_PROJECT_VERSION = 5;
				DEVELOPMENT_TEAM = S8BXS2P4Z9;
				ENABLE_PREVIEWS = YES;
				GCC_INCREASE_PRECOMPILED_HEADER_SHARING = NO;
				INFOPLIST_FILE = "${SRCROOT}/Application/Info.plist";
				INFOPLIST_PREFIX_HEADER = "";
				INFOPLIST_PREPROCESS = NO;
				IPHONEOS_DEPLOYMENT_TARGET = 14.0;
				LD_RUNPATH_SEARCH_PATHS = (
					"$(inherited)",
					"@executable_path/Frameworks",
				);
				MARKETING_VERSION = 0.0.4;
				OTHER_LDFLAGS = "-ObjC";
				PRODUCT_BUNDLE_IDENTIFIER = "com.ephedra-software.StackOv";
				PRODUCT_NAME = StackOv;
				PROVISIONING_PROFILE_SPECIFIER = StackOvDevProfile;
				"PROVISIONING_PROFILE_SPECIFIER[sdk=macosx*]" = StackOvDevMacOSProfile;
				SDKROOT = iphoneos;
				SUPPORTED_PLATFORMS = "macosx iphonesimulator iphoneos";
				SUPPORTS_MACCATALYST = YES;
				SWIFT_VERSION = 5.0;
				TARGETED_DEVICE_FAMILY = "1,2";
				VALIDATE_PRODUCT = YES;
			};
			name = Release;
		};
/* End XCBuildConfiguration section */

/* Begin XCConfigurationList section */
		6FCC9B1B25237C5300BDD827 /* Build configuration list for PBXProject "StackOv" */ = {
			isa = XCConfigurationList;
			buildConfigurations = (
				6FCC9B5325237C5500BDD827 /* Debug */,
				6FCC9B5425237C5500BDD827 /* Release */,
			);
			defaultConfigurationIsVisible = 0;
			defaultConfigurationName = Release;
		};
		6FCC9B5525237C5500BDD827 /* Build configuration list for PBXNativeTarget "StackOv (iOS)" */ = {
			isa = XCConfigurationList;
			buildConfigurations = (
				6FCC9B5625237C5500BDD827 /* Debug */,
				6FCC9B5725237C5500BDD827 /* Release */,
			);
			defaultConfigurationIsVisible = 0;
			defaultConfigurationName = Release;
		};
/* End XCConfigurationList section */

/* Begin XCSwiftPackageProductDependency section */
		6F7542DA25F50EA00099A297 /* MainFlow */ = {
			isa = XCSwiftPackageProductDependency;
			productName = MainFlow;
		};
/* End XCSwiftPackageProductDependency section */

/* Begin XCVersionGroup section */
		6FCC9B1D25237C5300BDD827 /* StackOv.xcdatamodeld */ = {
			isa = XCVersionGroup;
			children = (
				6FCC9B1E25237C5300BDD827 /* Shared.xcdatamodel */,
			);
			currentVersion = 6FCC9B1E25237C5300BDD827 /* Shared.xcdatamodel */;
			path = StackOv.xcdatamodeld;
			sourceTree = "<group>";
			versionGroupType = wrapper.xcdatamodel;
		};
/* End XCVersionGroup section */
	};
	rootObject = 6FCC9B1825237C5300BDD827 /* Project object */;
}
